
Microsoft Visual Studio Solution File, Format Version 12.00
# Visual Studio 14
VisualStudioVersion = 14.0.25420.1
MinimumVisualStudioVersion = 10.0.40219.1
Project("{FAE04EC0-301F-11D3-BF4B-00C04F79EFBC}") = "SeathZip", "SeathZip\SeathZip.csproj", "{CB05DD7F-B8DB-47AA-A4F5-C3403373501F}"
EndProject
Project("{FAE04EC0-301F-11D3-BF4B-00C04F79EFBC}") = "Test", "Test\Test.csproj", "{3DDCA9B4-B4B9-43B9-86C8-272DA67F8629}"
EndProject
Project("{930C7802-8A8C-48F9-8165-68863BCCD9DD}") = "SeathARG", "SeathARG\SeathARG.wixproj", "{DE9F2CCE-251A-4B8C-9DA2-CA9DB9FB9FCE}"
EndProject
Project("{FAE04EC0-301F-11D3-BF4B-00C04F79EFBC}") = "WordReport", "WordReport\WordReport.csproj", "{0917C852-D4B7-447B-B88A-24EC35A2B19E}"
EndProject
Project("{FAE04EC0-301F-11D3-BF4B-00C04F79EFBC}") = "WordReportsFull", "WordReportsFull\WordReportsFull.csproj", "{C6B8B74A-BEDB-4D7B-8F18-E8B1148E7308}"
EndProject
Project("{FAE04EC0-301F-11D3-BF4B-00C04F79EFBC}") = "DBFtoSQL2008Enterprise", "DBFtoSQL2008Enterprise\DBFtoSQL2008Enterprise.csproj", "{1DBE2BEE-F44D-4E0F-B4B7-032AD8D28A6E}"
EndProject
Project("{FAE04EC0-301F-11D3-BF4B-00C04F79EFBC}") = "Summator", "Summator\Summator.csproj", "{E95EADCC-03D6-4970-A7C7-2075871621FE}"
EndProject
Project("{FAE04EC0-301F-11D3-BF4B-00C04F79EFBC}") = "SummatorHost", "SummatorHost\SummatorHost.csproj", "{15628878-9FDD-40A7-9140-BFDE2FB3C9AE}"
EndProject
Project("{FAE04EC0-301F-11D3-BF4B-00C04F79EFBC}") = "Lotuslib", "Lotuslib\Lotuslib.csproj", "{3DB96077-1DE9-46DB-BB96-594EB2BA33D5}"
EndProject
Project("{FAE04EC0-301F-11D3-BF4B-00C04F79EFBC}") = "ViewModelLib", "ViewModelLib\ViewModelLib.csproj", "{08BB509F-EAD1-4666-A539-6D60F464DB2F}"
EndProject
Project("{FAE04EC0-301F-11D3-BF4B-00C04F79EFBC}") = "LotusNotes", "LotusNotes\LotusNotes.csproj", "{332D26B6-9716-4CE7-912F-F97F3B9251CB}"
EndProject
Project("{FAE04EC0-301F-11D3-BF4B-00C04F79EFBC}") = "ServiceLotus", "ServiceLotus\ServiceLotus.csproj", "{57EE36CD-20C9-4C83-BDB6-5475B5FE6201}"
EndProject
Project("{FAE04EC0-301F-11D3-BF4B-00C04F79EFBC}") = "LotusClient", "LotusClient\LotusClient.csproj", "{0A68CB15-CAB1-41FE-9B9B-5B2CAC8F25CA}"
EndProject
Project("{FAE04EC0-301F-11D3-BF4B-00C04F79EFBC}") = "TestAutoit", "TestAutoit\TestAutoit.csproj", "{20362A15-EF46-4650-86FF-187EDDD48B05}"
EndProject
Project("{930C7802-8A8C-48F9-8165-68863BCCD9DD}") = "TestAutoitSetup", "TestAutoitSetup\TestAutoitSetup.wixproj", "{A3A235BF-CF00-48C7-AF37-CDB8CBBBF1E8}"
EndProject
Project("{FAE04EC0-301F-11D3-BF4B-00C04F79EFBC}") = "LibaryAIS3Windows", "LibaryAIS3Windows\LibaryAIS3Windows.csproj", "{92017569-2991-4B9A-BFA2-6B41CFA72B83}"
EndProject
Project("{FAE04EC0-301F-11D3-BF4B-00C04F79EFBC}") = "LibaryXMLAuto", "LibaryXMLAuto\LibaryXMLAuto.csproj", "{A2BC3AE2-4A61-4E9E-9FA4-96A02677C79C}"
EndProject
Project("{FAE04EC0-301F-11D3-BF4B-00C04F79EFBC}") = "LibaryCommandPublic", "LibaryCommandPublic\LibaryCommandPublic.csproj", "{0A0C77AF-9FE5-4C32-B32E-40AB40FFEFF9}"
EndProject
Project("{FAE04EC0-301F-11D3-BF4B-00C04F79EFBC}") = "AddModelProject", "AddModelProject\AddModelProject.csproj", "{93ACA244-ED58-43E5-BEC6-05F07E4B475A}"
EndProject
Global
	GlobalSection(SolutionConfigurationPlatforms) = preSolution
		Debug|Any CPU = Debug|Any CPU
		Debug|x64 = Debug|x64
		Debug|x86 = Debug|x86
		Release|Any CPU = Release|Any CPU
		Release|x64 = Release|x64
		Release|x86 = Release|x86
	EndGlobalSection
	GlobalSection(ProjectConfigurationPlatforms) = postSolution
		{CB05DD7F-B8DB-47AA-A4F5-C3403373501F}.Debug|Any CPU.ActiveCfg = Debug|Any CPU
		{CB05DD7F-B8DB-47AA-A4F5-C3403373501F}.Debug|Any CPU.Build.0 = Debug|Any CPU
		{CB05DD7F-B8DB-47AA-A4F5-C3403373501F}.Debug|x64.ActiveCfg = Debug|x64
		{CB05DD7F-B8DB-47AA-A4F5-C3403373501F}.Debug|x64.Build.0 = Debug|x64
		{CB05DD7F-B8DB-47AA-A4F5-C3403373501F}.Debug|x86.ActiveCfg = Debug|x86
		{CB05DD7F-B8DB-47AA-A4F5-C3403373501F}.Debug|x86.Build.0 = Debug|x86
		{CB05DD7F-B8DB-47AA-A4F5-C3403373501F}.Release|Any CPU.ActiveCfg = Release|Any CPU
		{CB05DD7F-B8DB-47AA-A4F5-C3403373501F}.Release|Any CPU.Build.0 = Release|Any CPU
		{CB05DD7F-B8DB-47AA-A4F5-C3403373501F}.Release|x64.ActiveCfg = Release|x64
		{CB05DD7F-B8DB-47AA-A4F5-C3403373501F}.Release|x64.Build.0 = Release|x64
		{CB05DD7F-B8DB-47AA-A4F5-C3403373501F}.Release|x86.ActiveCfg = Release|x86
		{CB05DD7F-B8DB-47AA-A4F5-C3403373501F}.Release|x86.Build.0 = Release|x86
		{3DDCA9B4-B4B9-43B9-86C8-272DA67F8629}.Debug|Any CPU.ActiveCfg = Debug|Any CPU
		{3DDCA9B4-B4B9-43B9-86C8-272DA67F8629}.Debug|Any CPU.Build.0 = Debug|Any CPU
		{3DDCA9B4-B4B9-43B9-86C8-272DA67F8629}.Debug|x64.ActiveCfg = Debug|Any CPU
		{3DDCA9B4-B4B9-43B9-86C8-272DA67F8629}.Debug|x64.Build.0 = Debug|Any CPU
		{3DDCA9B4-B4B9-43B9-86C8-272DA67F8629}.Debug|x86.ActiveCfg = Debug|Any CPU
		{3DDCA9B4-B4B9-43B9-86C8-272DA67F8629}.Debug|x86.Build.0 = Debug|Any CPU
		{3DDCA9B4-B4B9-43B9-86C8-272DA67F8629}.Release|Any CPU.ActiveCfg = Release|Any CPU
		{3DDCA9B4-B4B9-43B9-86C8-272DA67F8629}.Release|Any CPU.Build.0 = Release|Any CPU
		{3DDCA9B4-B4B9-43B9-86C8-272DA67F8629}.Release|x64.ActiveCfg = Release|Any CPU
		{3DDCA9B4-B4B9-43B9-86C8-272DA67F8629}.Release|x64.Build.0 = Release|Any CPU
		{3DDCA9B4-B4B9-43B9-86C8-272DA67F8629}.Release|x86.ActiveCfg = Release|Any CPU
		{3DDCA9B4-B4B9-43B9-86C8-272DA67F8629}.Release|x86.Build.0 = Release|Any CPU
		{DE9F2CCE-251A-4B8C-9DA2-CA9DB9FB9FCE}.Debug|Any CPU.ActiveCfg = Debug|x86
		{DE9F2CCE-251A-4B8C-9DA2-CA9DB9FB9FCE}.Debug|x64.ActiveCfg = Debug|x86
		{DE9F2CCE-251A-4B8C-9DA2-CA9DB9FB9FCE}.Debug|x86.ActiveCfg = Debug|x86
		{DE9F2CCE-251A-4B8C-9DA2-CA9DB9FB9FCE}.Debug|x86.Build.0 = Debug|x86
		{DE9F2CCE-251A-4B8C-9DA2-CA9DB9FB9FCE}.Release|Any CPU.ActiveCfg = Release|x86
		{DE9F2CCE-251A-4B8C-9DA2-CA9DB9FB9FCE}.Release|x64.ActiveCfg = Release|x86
		{DE9F2CCE-251A-4B8C-9DA2-CA9DB9FB9FCE}.Release|x86.ActiveCfg = Release|x86
		{DE9F2CCE-251A-4B8C-9DA2-CA9DB9FB9FCE}.Release|x86.Build.0 = Release|x86
		{0917C852-D4B7-447B-B88A-24EC35A2B19E}.Debug|Any CPU.ActiveCfg = Debug|Any CPU
		{0917C852-D4B7-447B-B88A-24EC35A2B19E}.Debug|Any CPU.Build.0 = Debug|Any CPU
		{0917C852-D4B7-447B-B88A-24EC35A2B19E}.Debug|x64.ActiveCfg = Debug|Any CPU
		{0917C852-D4B7-447B-B88A-24EC35A2B19E}.Debug|x64.Build.0 = Debug|Any CPU
		{0917C852-D4B7-447B-B88A-24EC35A2B19E}.Debug|x86.ActiveCfg = Debug|Any CPU
		{0917C852-D4B7-447B-B88A-24EC35A2B19E}.Debug|x86.Build.0 = Debug|Any CPU
		{0917C852-D4B7-447B-B88A-24EC35A2B19E}.Release|Any CPU.ActiveCfg = Release|Any CPU
		{0917C852-D4B7-447B-B88A-24EC35A2B19E}.Release|Any CPU.Build.0 = Release|Any CPU
		{0917C852-D4B7-447B-B88A-24EC35A2B19E}.Release|x64.ActiveCfg = Release|Any CPU
		{0917C852-D4B7-447B-B88A-24EC35A2B19E}.Release|x64.Build.0 = Release|Any CPU
		{0917C852-D4B7-447B-B88A-24EC35A2B19E}.Release|x86.ActiveCfg = Release|Any CPU
		{0917C852-D4B7-447B-B88A-24EC35A2B19E}.Release|x86.Build.0 = Release|Any CPU
		{C6B8B74A-BEDB-4D7B-8F18-E8B1148E7308}.Debug|Any CPU.ActiveCfg = Debug|Any CPU
		{C6B8B74A-BEDB-4D7B-8F18-E8B1148E7308}.Debug|Any CPU.Build.0 = Debug|Any CPU
		{C6B8B74A-BEDB-4D7B-8F18-E8B1148E7308}.Debug|x64.ActiveCfg = Debug|Any CPU
		{C6B8B74A-BEDB-4D7B-8F18-E8B1148E7308}.Debug|x64.Build.0 = Debug|Any CPU
		{C6B8B74A-BEDB-4D7B-8F18-E8B1148E7308}.Debug|x86.ActiveCfg = Debug|Any CPU
		{C6B8B74A-BEDB-4D7B-8F18-E8B1148E7308}.Debug|x86.Build.0 = Debug|Any CPU
		{C6B8B74A-BEDB-4D7B-8F18-E8B1148E7308}.Release|Any CPU.ActiveCfg = Release|Any CPU
		{C6B8B74A-BEDB-4D7B-8F18-E8B1148E7308}.Release|Any CPU.Build.0 = Release|Any CPU
		{C6B8B74A-BEDB-4D7B-8F18-E8B1148E7308}.Release|x64.ActiveCfg = Release|Any CPU
		{C6B8B74A-BEDB-4D7B-8F18-E8B1148E7308}.Release|x64.Build.0 = Release|Any CPU
		{C6B8B74A-BEDB-4D7B-8F18-E8B1148E7308}.Release|x86.ActiveCfg = Release|Any CPU
		{C6B8B74A-BEDB-4D7B-8F18-E8B1148E7308}.Release|x86.Build.0 = Release|Any CPU
		{1DBE2BEE-F44D-4E0F-B4B7-032AD8D28A6E}.Debug|Any CPU.ActiveCfg = Debug|Any CPU
		{1DBE2BEE-F44D-4E0F-B4B7-032AD8D28A6E}.Debug|Any CPU.Build.0 = Debug|Any CPU
		{1DBE2BEE-F44D-4E0F-B4B7-032AD8D28A6E}.Debug|x64.ActiveCfg = Debug|Any CPU
		{1DBE2BEE-F44D-4E0F-B4B7-032AD8D28A6E}.Debug|x64.Build.0 = Debug|Any CPU
		{1DBE2BEE-F44D-4E0F-B4B7-032AD8D28A6E}.Debug|x86.ActiveCfg = Debug|Any CPU
		{1DBE2BEE-F44D-4E0F-B4B7-032AD8D28A6E}.Debug|x86.Build.0 = Debug|Any CPU
		{1DBE2BEE-F44D-4E0F-B4B7-032AD8D28A6E}.Release|Any CPU.ActiveCfg = Release|Any CPU
		{1DBE2BEE-F44D-4E0F-B4B7-032AD8D28A6E}.Release|Any CPU.Build.0 = Release|Any CPU
		{1DBE2BEE-F44D-4E0F-B4B7-032AD8D28A6E}.Release|x64.ActiveCfg = Release|Any CPU
		{1DBE2BEE-F44D-4E0F-B4B7-032AD8D28A6E}.Release|x64.Build.0 = Release|Any CPU
		{1DBE2BEE-F44D-4E0F-B4B7-032AD8D28A6E}.Release|x86.ActiveCfg = Release|Any CPU
		{1DBE2BEE-F44D-4E0F-B4B7-032AD8D28A6E}.Release|x86.Build.0 = Release|Any CPU
		{E95EADCC-03D6-4970-A7C7-2075871621FE}.Debug|Any CPU.ActiveCfg = Debug|Any CPU
		{E95EADCC-03D6-4970-A7C7-2075871621FE}.Debug|Any CPU.Build.0 = Debug|Any CPU
		{E95EADCC-03D6-4970-A7C7-2075871621FE}.Debug|x64.ActiveCfg = Debug|Any CPU
		{E95EADCC-03D6-4970-A7C7-2075871621FE}.Debug|x64.Build.0 = Debug|Any CPU
		{E95EADCC-03D6-4970-A7C7-2075871621FE}.Debug|x86.ActiveCfg = Debug|Any CPU
		{E95EADCC-03D6-4970-A7C7-2075871621FE}.Debug|x86.Build.0 = Debug|Any CPU
		{E95EADCC-03D6-4970-A7C7-2075871621FE}.Release|Any CPU.ActiveCfg = Release|Any CPU
		{E95EADCC-03D6-4970-A7C7-2075871621FE}.Release|Any CPU.Build.0 = Release|Any CPU
		{E95EADCC-03D6-4970-A7C7-2075871621FE}.Release|x64.ActiveCfg = Release|Any CPU
		{E95EADCC-03D6-4970-A7C7-2075871621FE}.Release|x64.Build.0 = Release|Any CPU
		{E95EADCC-03D6-4970-A7C7-2075871621FE}.Release|x86.ActiveCfg = Release|Any CPU
		{E95EADCC-03D6-4970-A7C7-2075871621FE}.Release|x86.Build.0 = Release|Any CPU
		{15628878-9FDD-40A7-9140-BFDE2FB3C9AE}.Debug|Any CPU.ActiveCfg = Debug|Any CPU
		{15628878-9FDD-40A7-9140-BFDE2FB3C9AE}.Debug|Any CPU.Build.0 = Debug|Any CPU
		{15628878-9FDD-40A7-9140-BFDE2FB3C9AE}.Debug|x64.ActiveCfg = Debug|Any CPU
		{15628878-9FDD-40A7-9140-BFDE2FB3C9AE}.Debug|x64.Build.0 = Debug|Any CPU
		{15628878-9FDD-40A7-9140-BFDE2FB3C9AE}.Debug|x86.ActiveCfg = Debug|Any CPU
		{15628878-9FDD-40A7-9140-BFDE2FB3C9AE}.Debug|x86.Build.0 = Debug|Any CPU
		{15628878-9FDD-40A7-9140-BFDE2FB3C9AE}.Release|Any CPU.ActiveCfg = Release|Any CPU
		{15628878-9FDD-40A7-9140-BFDE2FB3C9AE}.Release|Any CPU.Build.0 = Release|Any CPU
		{15628878-9FDD-40A7-9140-BFDE2FB3C9AE}.Release|x64.ActiveCfg = Release|Any CPU
		{15628878-9FDD-40A7-9140-BFDE2FB3C9AE}.Release|x64.Build.0 = Release|Any CPU
		{15628878-9FDD-40A7-9140-BFDE2FB3C9AE}.Release|x86.ActiveCfg = Release|Any CPU
		{15628878-9FDD-40A7-9140-BFDE2FB3C9AE}.Release|x86.Build.0 = Release|Any CPU
		{3DB96077-1DE9-46DB-BB96-594EB2BA33D5}.Debug|Any CPU.ActiveCfg = Debug|Any CPU
		{3DB96077-1DE9-46DB-BB96-594EB2BA33D5}.Debug|Any CPU.Build.0 = Debug|Any CPU
		{3DB96077-1DE9-46DB-BB96-594EB2BA33D5}.Debug|x64.ActiveCfg = Debug|Any CPU
		{3DB96077-1DE9-46DB-BB96-594EB2BA33D5}.Debug|x64.Build.0 = Debug|Any CPU
		{3DB96077-1DE9-46DB-BB96-594EB2BA33D5}.Debug|x86.ActiveCfg = Debug|Any CPU
		{3DB96077-1DE9-46DB-BB96-594EB2BA33D5}.Debug|x86.Build.0 = Debug|Any CPU
		{3DB96077-1DE9-46DB-BB96-594EB2BA33D5}.Release|Any CPU.ActiveCfg = Release|Any CPU
		{3DB96077-1DE9-46DB-BB96-594EB2BA33D5}.Release|Any CPU.Build.0 = Release|Any CPU
		{3DB96077-1DE9-46DB-BB96-594EB2BA33D5}.Release|x64.ActiveCfg = Release|Any CPU
		{3DB96077-1DE9-46DB-BB96-594EB2BA33D5}.Release|x64.Build.0 = Release|Any CPU
		{3DB96077-1DE9-46DB-BB96-594EB2BA33D5}.Release|x86.ActiveCfg = Release|Any CPU
		{3DB96077-1DE9-46DB-BB96-594EB2BA33D5}.Release|x86.Build.0 = Release|Any CPU
		{08BB509F-EAD1-4666-A539-6D60F464DB2F}.Debug|Any CPU.ActiveCfg = Debug|Any CPU
		{08BB509F-EAD1-4666-A539-6D60F464DB2F}.Debug|Any CPU.Build.0 = Debug|Any CPU
		{08BB509F-EAD1-4666-A539-6D60F464DB2F}.Debug|x64.ActiveCfg = Debug|Any CPU
		{08BB509F-EAD1-4666-A539-6D60F464DB2F}.Debug|x64.Build.0 = Debug|Any CPU
		{08BB509F-EAD1-4666-A539-6D60F464DB2F}.Debug|x86.ActiveCfg = Debug|Any CPU
		{08BB509F-EAD1-4666-A539-6D60F464DB2F}.Debug|x86.Build.0 = Debug|Any CPU
		{08BB509F-EAD1-4666-A539-6D60F464DB2F}.Release|Any CPU.ActiveCfg = Release|Any CPU
		{08BB509F-EAD1-4666-A539-6D60F464DB2F}.Release|Any CPU.Build.0 = Release|Any CPU
		{08BB509F-EAD1-4666-A539-6D60F464DB2F}.Release|x64.ActiveCfg = Release|Any CPU
		{08BB509F-EAD1-4666-A539-6D60F464DB2F}.Release|x64.Build.0 = Release|Any CPU
		{08BB509F-EAD1-4666-A539-6D60F464DB2F}.Release|x86.ActiveCfg = Release|Any CPU
		{08BB509F-EAD1-4666-A539-6D60F464DB2F}.Release|x86.Build.0 = Release|Any CPU
		{332D26B6-9716-4CE7-912F-F97F3B9251CB}.Debug|Any CPU.ActiveCfg = Debug|Any CPU
		{332D26B6-9716-4CE7-912F-F97F3B9251CB}.Debug|Any CPU.Build.0 = Debug|Any CPU
		{332D26B6-9716-4CE7-912F-F97F3B9251CB}.Debug|x64.ActiveCfg = Debug|Any CPU
		{332D26B6-9716-4CE7-912F-F97F3B9251CB}.Debug|x64.Build.0 = Debug|Any CPU
		{332D26B6-9716-4CE7-912F-F97F3B9251CB}.Debug|x86.ActiveCfg = Debug|Any CPU
		{332D26B6-9716-4CE7-912F-F97F3B9251CB}.Debug|x86.Build.0 = Debug|Any CPU
		{332D26B6-9716-4CE7-912F-F97F3B9251CB}.Release|Any CPU.ActiveCfg = Release|Any CPU
		{332D26B6-9716-4CE7-912F-F97F3B9251CB}.Release|Any CPU.Build.0 = Release|Any CPU
		{332D26B6-9716-4CE7-912F-F97F3B9251CB}.Release|x64.ActiveCfg = Release|Any CPU
		{332D26B6-9716-4CE7-912F-F97F3B9251CB}.Release|x64.Build.0 = Release|Any CPU
		{332D26B6-9716-4CE7-912F-F97F3B9251CB}.Release|x86.ActiveCfg = Release|Any CPU
		{332D26B6-9716-4CE7-912F-F97F3B9251CB}.Release|x86.Build.0 = Release|Any CPU
		{57EE36CD-20C9-4C83-BDB6-5475B5FE6201}.Debug|Any CPU.ActiveCfg = Debug|Any CPU
		{57EE36CD-20C9-4C83-BDB6-5475B5FE6201}.Debug|Any CPU.Build.0 = Debug|Any CPU
		{57EE36CD-20C9-4C83-BDB6-5475B5FE6201}.Debug|x64.ActiveCfg = Debug|Any CPU
		{57EE36CD-20C9-4C83-BDB6-5475B5FE6201}.Debug|x64.Build.0 = Debug|Any CPU
		{57EE36CD-20C9-4C83-BDB6-5475B5FE6201}.Debug|x86.ActiveCfg = Debug|Any CPU
		{57EE36CD-20C9-4C83-BDB6-5475B5FE6201}.Debug|x86.Build.0 = Debug|Any CPU
		{57EE36CD-20C9-4C83-BDB6-5475B5FE6201}.Release|Any CPU.ActiveCfg = Release|Any CPU
		{57EE36CD-20C9-4C83-BDB6-5475B5FE6201}.Release|Any CPU.Build.0 = Release|Any CPU
		{57EE36CD-20C9-4C83-BDB6-5475B5FE6201}.Release|x64.ActiveCfg = Release|Any CPU
		{57EE36CD-20C9-4C83-BDB6-5475B5FE6201}.Release|x64.Build.0 = Release|Any CPU
		{57EE36CD-20C9-4C83-BDB6-5475B5FE6201}.Release|x86.ActiveCfg = Release|Any CPU
		{57EE36CD-20C9-4C83-BDB6-5475B5FE6201}.Release|x86.Build.0 = Release|Any CPU
		{0A68CB15-CAB1-41FE-9B9B-5B2CAC8F25CA}.Debug|Any CPU.ActiveCfg = Debug|Any CPU
		{0A68CB15-CAB1-41FE-9B9B-5B2CAC8F25CA}.Debug|Any CPU.Build.0 = Debug|Any CPU
		{0A68CB15-CAB1-41FE-9B9B-5B2CAC8F25CA}.Debug|x64.ActiveCfg = Debug|Any CPU
		{0A68CB15-CAB1-41FE-9B9B-5B2CAC8F25CA}.Debug|x64.Build.0 = Debug|Any CPU
		{0A68CB15-CAB1-41FE-9B9B-5B2CAC8F25CA}.Debug|x86.ActiveCfg = Debug|Any CPU
		{0A68CB15-CAB1-41FE-9B9B-5B2CAC8F25CA}.Debug|x86.Build.0 = Debug|Any CPU
		{0A68CB15-CAB1-41FE-9B9B-5B2CAC8F25CA}.Release|Any CPU.ActiveCfg = Release|Any CPU
		{0A68CB15-CAB1-41FE-9B9B-5B2CAC8F25CA}.Release|Any CPU.Build.0 = Release|Any CPU
		{0A68CB15-CAB1-41FE-9B9B-5B2CAC8F25CA}.Release|x64.ActiveCfg = Release|Any CPU
		{0A68CB15-CAB1-41FE-9B9B-5B2CAC8F25CA}.Release|x64.Build.0 = Release|Any CPU
		{0A68CB15-CAB1-41FE-9B9B-5B2CAC8F25CA}.Release|x86.ActiveCfg = Release|Any CPU
		{0A68CB15-CAB1-41FE-9B9B-5B2CAC8F25CA}.Release|x86.Build.0 = Release|Any CPU
		{20362A15-EF46-4650-86FF-187EDDD48B05}.Debug|Any CPU.ActiveCfg = Debug|Any CPU
		{20362A15-EF46-4650-86FF-187EDDD48B05}.Debug|Any CPU.Build.0 = Debug|Any CPU
		{20362A15-EF46-4650-86FF-187EDDD48B05}.Debug|x64.ActiveCfg = Debug|Any CPU
		{20362A15-EF46-4650-86FF-187EDDD48B05}.Debug|x64.Build.0 = Debug|Any CPU
		{20362A15-EF46-4650-86FF-187EDDD48B05}.Debug|x86.ActiveCfg = Debug|Any CPU
		{20362A15-EF46-4650-86FF-187EDDD48B05}.Debug|x86.Build.0 = Debug|Any CPU
		{20362A15-EF46-4650-86FF-187EDDD48B05}.Release|Any CPU.ActiveCfg = Release|Any CPU
		{20362A15-EF46-4650-86FF-187EDDD48B05}.Release|Any CPU.Build.0 = Release|Any CPU
		{20362A15-EF46-4650-86FF-187EDDD48B05}.Release|x64.ActiveCfg = Release|Any CPU
		{20362A15-EF46-4650-86FF-187EDDD48B05}.Release|x64.Build.0 = Release|Any CPU
		{20362A15-EF46-4650-86FF-187EDDD48B05}.Release|x86.ActiveCfg = Release|Any CPU
		{20362A15-EF46-4650-86FF-187EDDD48B05}.Release|x86.Build.0 = Release|Any CPU
		{A3A235BF-CF00-48C7-AF37-CDB8CBBBF1E8}.Debug|Any CPU.ActiveCfg = Debug|x86
		{A3A235BF-CF00-48C7-AF37-CDB8CBBBF1E8}.Debug|x64.ActiveCfg = Debug|x86
		{A3A235BF-CF00-48C7-AF37-CDB8CBBBF1E8}.Debug|x86.ActiveCfg = Debug|x86
		{A3A235BF-CF00-48C7-AF37-CDB8CBBBF1E8}.Debug|x86.Build.0 = Debug|x86
		{A3A235BF-CF00-48C7-AF37-CDB8CBBBF1E8}.Release|Any CPU.ActiveCfg = Release|x86
		{A3A235BF-CF00-48C7-AF37-CDB8CBBBF1E8}.Release|x64.ActiveCfg = Release|x86
		{A3A235BF-CF00-48C7-AF37-CDB8CBBBF1E8}.Release|x86.ActiveCfg = Release|x86
		{A3A235BF-CF00-48C7-AF37-CDB8CBBBF1E8}.Release|x86.Build.0 = Release|x86
		{92017569-2991-4B9A-BFA2-6B41CFA72B83}.Debug|Any CPU.ActiveCfg = Debug|Any CPU
		{92017569-2991-4B9A-BFA2-6B41CFA72B83}.Debug|Any CPU.Build.0 = Debug|Any CPU
		{92017569-2991-4B9A-BFA2-6B41CFA72B83}.Debug|x64.ActiveCfg = Debug|Any CPU
		{92017569-2991-4B9A-BFA2-6B41CFA72B83}.Debug|x64.Build.0 = Debug|Any CPU
		{92017569-2991-4B9A-BFA2-6B41CFA72B83}.Debug|x86.ActiveCfg = Debug|Any CPU
		{92017569-2991-4B9A-BFA2-6B41CFA72B83}.Debug|x86.Build.0 = Debug|Any CPU
		{92017569-2991-4B9A-BFA2-6B41CFA72B83}.Release|Any CPU.ActiveCfg = Release|Any CPU
		{92017569-2991-4B9A-BFA2-6B41CFA72B83}.Release|Any CPU.Build.0 = Release|Any CPU
		{92017569-2991-4B9A-BFA2-6B41CFA72B83}.Release|x64.ActiveCfg = Release|Any CPU
		{92017569-2991-4B9A-BFA2-6B41CFA72B83}.Release|x64.Build.0 = Release|Any CPU
		{92017569-2991-4B9A-BFA2-6B41CFA72B83}.Release|x86.ActiveCfg = Release|Any CPU
		{92017569-2991-4B9A-BFA2-6B41CFA72B83}.Release|x86.Build.0 = Release|Any CPU
		{A2BC3AE2-4A61-4E9E-9FA4-96A02677C79C}.Debug|Any CPU.ActiveCfg = Debug|Any CPU
		{A2BC3AE2-4A61-4E9E-9FA4-96A02677C79C}.Debug|Any CPU.Build.0 = Debug|Any CPU
		{A2BC3AE2-4A61-4E9E-9FA4-96A02677C79C}.Debug|x64.ActiveCfg = Debug|Any CPU
		{A2BC3AE2-4A61-4E9E-9FA4-96A02677C79C}.Debug|x64.Build.0 = Debug|Any CPU
		{A2BC3AE2-4A61-4E9E-9FA4-96A02677C79C}.Debug|x86.ActiveCfg = Debug|Any CPU
		{A2BC3AE2-4A61-4E9E-9FA4-96A02677C79C}.Debug|x86.Build.0 = Debug|Any CPU
		{A2BC3AE2-4A61-4E9E-9FA4-96A02677C79C}.Release|Any CPU.ActiveCfg = Release|Any CPU
		{A2BC3AE2-4A61-4E9E-9FA4-96A02677C79C}.Release|Any CPU.Build.0 = Release|Any CPU
		{A2BC3AE2-4A61-4E9E-9FA4-96A02677C79C}.Release|x64.ActiveCfg = Release|Any CPU
		{A2BC3AE2-4A61-4E9E-9FA4-96A02677C79C}.Release|x64.Build.0 = Release|Any CPU
		{A2BC3AE2-4A61-4E9E-9FA4-96A02677C79C}.Release|x86.ActiveCfg = Release|Any CPU
		{A2BC3AE2-4A61-4E9E-9FA4-96A02677C79C}.Release|x86.Build.0 = Release|Any CPU
		{0A0C77AF-9FE5-4C32-B32E-40AB40FFEFF9}.Debug|Any CPU.ActiveCfg = Debug|Any CPU
		{0A0C77AF-9FE5-4C32-B32E-40AB40FFEFF9}.Debug|Any CPU.Build.0 = Debug|Any CPU
		{0A0C77AF-9FE5-4C32-B32E-40AB40FFEFF9}.Debug|x64.ActiveCfg = Debug|Any CPU
		{0A0C77AF-9FE5-4C32-B32E-40AB40FFEFF9}.Debug|x64.Build.0 = Debug|Any CPU
		{0A0C77AF-9FE5-4C32-B32E-40AB40FFEFF9}.Debug|x86.ActiveCfg = Debug|Any CPU
		{0A0C77AF-9FE5-4C32-B32E-40AB40FFEFF9}.Debug|x86.Build.0 = Debug|Any CPU
		{0A0C77AF-9FE5-4C32-B32E-40AB40FFEFF9}.Release|Any CPU.ActiveCfg = Release|Any CPU
		{0A0C77AF-9FE5-4C32-B32E-40AB40FFEFF9}.Release|Any CPU.Build.0 = Release|Any CPU
		{0A0C77AF-9FE5-4C32-B32E-40AB40FFEFF9}.Release|x64.ActiveCfg = Release|Any CPU
		{0A0C77AF-9FE5-4C32-B32E-40AB40FFEFF9}.Release|x64.Build.0 = Release|Any CPU
		{0A0C77AF-9FE5-4C32-B32E-40AB40FFEFF9}.Release|x86.ActiveCfg = Release|Any CPU
		{0A0C77AF-9FE5-4C32-B32E-40AB40FFEFF9}.Release|x86.Build.0 = Release|Any CPU
		{93ACA244-ED58-43E5-BEC6-05F07E4B475A}.Debug|Any CPU.ActiveCfg = Debug|Any CPU
		{93ACA244-ED58-43E5-BEC6-05F07E4B475A}.Debug|Any CPU.Build.0 = Debug|Any CPU
		{93ACA244-ED58-43E5-BEC6-05F07E4B475A}.Debug|x64.ActiveCfg = Debug|Any CPU
		{93ACA244-ED58-43E5-BEC6-05F07E4B475A}.Debug|x64.Build.0 = Debug|Any CPU
		{93ACA244-ED58-43E5-BEC6-05F07E4B475A}.Debug|x86.ActiveCfg = Debug|Any CPU
		{93ACA244-ED58-43E5-BEC6-05F07E4B475A}.Debug|x86.Build.0 = Debug|Any CPU
		{93ACA244-ED58-43E5-BEC6-05F07E4B475A}.Release|Any CPU.ActiveCfg = Release|Any CPU
		{93ACA244-ED58-43E5-BEC6-05F07E4B475A}.Release|Any CPU.Build.0 = Release|Any CPU
		{93ACA244-ED58-43E5-BEC6-05F07E4B475A}.Release|x64.ActiveCfg = Release|Any CPU
		{93ACA244-ED58-43E5-BEC6-05F07E4B475A}.Release|x64.Build.0 = Release|Any CPU
		{93ACA244-ED58-43E5-BEC6-05F07E4B475A}.Release|x86.ActiveCfg = Release|Any CPU
		{93ACA244-ED58-43E5-BEC6-05F07E4B475A}.Release|x86.Build.0 = Release|Any CPU
	EndGlobalSection
	GlobalSection(SolutionProperties) = preSolution
		HideSolutionNode = FALSE
	EndGlobalSection
EndGlobal
