
Microsoft Visual Studio Solution File, Format Version 12.00
# Visual Studio Version 16
VisualStudioVersion = 16.0.29609.76
MinimumVisualStudioVersion = 10.0.40219.1
Project("{FAE04EC0-301F-11D3-BF4B-00C04F79EFBC}") = "SeathZip", "SeathZip\SeathZip.csproj", "{CB05DD7F-B8DB-47AA-A4F5-C3403373501F}"
EndProject
Project("{930C7802-8A8C-48F9-8165-68863BCCD9DD}") = "SeathARG", "SeathARG\SeathARG.wixproj", "{DE9F2CCE-251A-4B8C-9DA2-CA9DB9FB9FCE}"
EndProject
Project("{FAE04EC0-301F-11D3-BF4B-00C04F79EFBC}") = "WordReport", "WordReport\WordReport.csproj", "{0917C852-D4B7-447B-B88A-24EC35A2B19E}"
EndProject
Project("{FAE04EC0-301F-11D3-BF4B-00C04F79EFBC}") = "WordReportsFull", "WordReportsFull\WordReportsFull.csproj", "{C6B8B74A-BEDB-4D7B-8F18-E8B1148E7308}"
EndProject
Project("{FAE04EC0-301F-11D3-BF4B-00C04F79EFBC}") = "DBFtoSQL2008Enterprise", "DBFtoSQL2008Enterprise\DBFtoSQL2008Enterprise.csproj", "{1DBE2BEE-F44D-4E0F-B4B7-032AD8D28A6E}"
EndProject
Project("{FAE04EC0-301F-11D3-BF4B-00C04F79EFBC}") = "Summator", "Summator\Summator.csproj", "{E95EADCC-03D6-4970-A7C7-2075871621FE}"
EndProject
Project("{FAE04EC0-301F-11D3-BF4B-00C04F79EFBC}") = "SummatorHost", "SummatorHost\SummatorHost.csproj", "{15628878-9FDD-40A7-9140-BFDE2FB3C9AE}"
EndProject
Project("{FAE04EC0-301F-11D3-BF4B-00C04F79EFBC}") = "Lotuslib", "Lotuslib\Lotuslib.csproj", "{3DB96077-1DE9-46DB-BB96-594EB2BA33D5}"
EndProject
Project("{FAE04EC0-301F-11D3-BF4B-00C04F79EFBC}") = "ViewModelLib", "ViewModelLib\ViewModelLib.csproj", "{08BB509F-EAD1-4666-A539-6D60F464DB2F}"
EndProject
Project("{FAE04EC0-301F-11D3-BF4B-00C04F79EFBC}") = "LotusNotes", "LotusNotes\LotusNotes.csproj", "{332D26B6-9716-4CE7-912F-F97F3B9251CB}"
EndProject
Project("{FAE04EC0-301F-11D3-BF4B-00C04F79EFBC}") = "ServiceLotus", "ServiceLotus\ServiceLotus.csproj", "{57EE36CD-20C9-4C83-BDB6-5475B5FE6201}"
EndProject
Project("{FAE04EC0-301F-11D3-BF4B-00C04F79EFBC}") = "LotusClient", "LotusClient\LotusClient.csproj", "{0A68CB15-CAB1-41FE-9B9B-5B2CAC8F25CA}"
EndProject
Project("{FAE04EC0-301F-11D3-BF4B-00C04F79EFBC}") = "LibraryAIS3Windows", "LibaryAIS3Windows\LibraryAIS3Windows.csproj", "{92017569-2991-4B9A-BFA2-6B41CFA72B83}"
EndProject
Project("{FAE04EC0-301F-11D3-BF4B-00C04F79EFBC}") = "LibaryXMLAuto", "LibaryXMLAuto\LibaryXMLAuto.csproj", "{A2BC3AE2-4A61-4E9E-9FA4-96A02677C79C}"
EndProject
Project("{FAE04EC0-301F-11D3-BF4B-00C04F79EFBC}") = "LibraryCommandPublic", "LibaryCommandPublic\LibraryCommandPublic.csproj", "{0A0C77AF-9FE5-4C32-B32E-40AB40FFEFF9}"
EndProject
Project("{FAE04EC0-301F-11D3-BF4B-00C04F79EFBC}") = "PublicLogicaFull", "PublicLogicaFull\PublicLogicaFull.csproj", "{3D408912-630F-4F37-BFC7-C63F7E8307AD}"
EndProject
Project("{FAE04EC0-301F-11D3-BF4B-00C04F79EFBC}") = "AutomatAis3Full", "AutomatAis3Full\AutomatAis3Full.csproj", "{4D309A34-0A04-4A85-9A0A-FA86249E0983}"
EndProject
Project("{FAE04EC0-301F-11D3-BF4B-00C04F79EFBC}") = "SqlLibaryIfns", "SqlLibaryIfns\SqlLibaryIfns.csproj", "{128C2BF1-DE92-4BB8-BDA0-EEFC5EAB66D2}"
EndProject
Project("{FAE04EC0-301F-11D3-BF4B-00C04F79EFBC}") = "SyteIfns", "SyteIfns\SyteIfns.csproj", "{E00609FA-9644-4243-B8B4-3E6A7EC7A562}"
EndProject
Project("{930C7802-8A8C-48F9-8165-68863BCCD9DD}") = "SetupAutomatAis3Full", "SetupAutomatAis3Full\SetupAutomatAis3Full.wixproj", "{8922F6BF-FFC1-4011-82F5-3E9C38948671}"
EndProject
Project("{FAE04EC0-301F-11D3-BF4B-00C04F79EFBC}") = "LibaryAIS3Windows.Tests", "LibaryAIS3Windows.Tests\LibaryAIS3Windows.Tests.csproj", "{E281F2D4-8C07-4525-B88A-77DC39EAC826}"
EndProject
Project("{FAE04EC0-301F-11D3-BF4B-00C04F79EFBC}") = "EfDatabaseAutomation", "EfDatabaseAutomation\EfDatabaseAutomation.csproj", "{FDAD249D-CD7D-4581-B945-90D2F9DAD698}"
EndProject
Project("{FAE04EC0-301F-11D3-BF4B-00C04F79EFBC}") = "ServiceAutomation", "ServiceAutomation\ServiceAutomation.csproj", "{D05DC73E-26B4-4529-BA28-F8FAD3C88D9D}"
EndProject
Project("{FAE04EC0-301F-11D3-BF4B-00C04F79EFBC}") = "Loggers", "..\..\My\Loggers\Loggers.csproj", "{9BAC233E-ED3D-493E-B7F6-F26F8091968D}"
EndProject
Project("{FAE04EC0-301F-11D3-BF4B-00C04F79EFBC}") = "EfDatabaseAutomationTests", "EfDatabaseAutomationTests\EfDatabaseAutomationTests.csproj", "{3560103D-D2A0-494A-8C0B-BFD650FBCBED}"
EndProject
Project("{930C7802-8A8C-48F9-8165-68863BCCD9DD}") = "SetupServiceAutomation", "SetupServiceAutomation\SetupServiceAutomation.wixproj", "{AD8ED6D6-CDCB-4C7C-9698-90BA681D50CF}"
EndProject
Project("{FAE04EC0-301F-11D3-BF4B-00C04F79EFBC}") = "LibaryDocumentGenerator", "..\..\My\LibaryDocumentGenerator\LibaryDocumentGenerator.csproj", "{939B256E-591B-40CC-8097-5D34456404CD}"
EndProject
Project("{FAE04EC0-301F-11D3-BF4B-00C04F79EFBC}") = "EfDatabase", "..\..\My\EfDatabase\EfDatabase.csproj", "{578CF45E-310B-4E2E-9C94-5A9F16B736AE}"
EndProject
Project("{FAE04EC0-301F-11D3-BF4B-00C04F79EFBC}") = "SignalRLibary", "..\..\My\SignalRLibary\SignalRLibary.csproj", "{381752F0-F34D-4D3E-96AD-92B7BA6CF213}"
EndProject
Project("{9A19103F-16F7-4668-BE54-9A1E7A4F7556}") = "AisPoco", "AisPoco\AisPoco.csproj", "{AE019CEF-782D-41B7-942F-420F3C1B434A}"
EndProject
Project("{FAE04EC0-301F-11D3-BF4B-00C04F79EFBC}") = "SignalRLibraryAutomations", "SignalRLibaryAutomations\SignalRLibraryAutomations.csproj", "{94B9F0FF-3300-428F-B95F-BD58DC71EE9A}"
EndProject
Project("{FAE04EC0-301F-11D3-BF4B-00C04F79EFBC}") = "AttributeHelperModelXml", "AttributeHelperModelXml\AttributeHelperModelXml.csproj", "{91FAD00A-D052-4DD6-A9BB-544782A0D2C4}"
EndProject
Global
	GlobalSection(SolutionConfigurationPlatforms) = preSolution
		Debug|Any CPU = Debug|Any CPU
		Debug|ARM = Debug|ARM
		Debug|ARM64 = Debug|ARM64
		Debug|x64 = Debug|x64
		Debug|x86 = Debug|x86
		Release|Any CPU = Release|Any CPU
		Release|ARM = Release|ARM
		Release|ARM64 = Release|ARM64
		Release|x64 = Release|x64
		Release|x86 = Release|x86
	EndGlobalSection
	GlobalSection(ProjectConfigurationPlatforms) = postSolution
		{CB05DD7F-B8DB-47AA-A4F5-C3403373501F}.Debug|Any CPU.ActiveCfg = Debug|Any CPU
		{CB05DD7F-B8DB-47AA-A4F5-C3403373501F}.Debug|Any CPU.Build.0 = Debug|Any CPU
		{CB05DD7F-B8DB-47AA-A4F5-C3403373501F}.Debug|ARM.ActiveCfg = Debug|Any CPU
		{CB05DD7F-B8DB-47AA-A4F5-C3403373501F}.Debug|ARM.Build.0 = Debug|Any CPU
		{CB05DD7F-B8DB-47AA-A4F5-C3403373501F}.Debug|ARM64.ActiveCfg = Debug|Any CPU
		{CB05DD7F-B8DB-47AA-A4F5-C3403373501F}.Debug|ARM64.Build.0 = Debug|Any CPU
		{CB05DD7F-B8DB-47AA-A4F5-C3403373501F}.Debug|x64.ActiveCfg = Debug|x64
		{CB05DD7F-B8DB-47AA-A4F5-C3403373501F}.Debug|x64.Build.0 = Debug|x64
		{CB05DD7F-B8DB-47AA-A4F5-C3403373501F}.Debug|x86.ActiveCfg = Debug|x86
		{CB05DD7F-B8DB-47AA-A4F5-C3403373501F}.Debug|x86.Build.0 = Debug|x86
		{CB05DD7F-B8DB-47AA-A4F5-C3403373501F}.Release|Any CPU.ActiveCfg = Release|Any CPU
		{CB05DD7F-B8DB-47AA-A4F5-C3403373501F}.Release|Any CPU.Build.0 = Release|Any CPU
		{CB05DD7F-B8DB-47AA-A4F5-C3403373501F}.Release|ARM.ActiveCfg = Release|Any CPU
		{CB05DD7F-B8DB-47AA-A4F5-C3403373501F}.Release|ARM.Build.0 = Release|Any CPU
		{CB05DD7F-B8DB-47AA-A4F5-C3403373501F}.Release|ARM64.ActiveCfg = Release|Any CPU
		{CB05DD7F-B8DB-47AA-A4F5-C3403373501F}.Release|ARM64.Build.0 = Release|Any CPU
		{CB05DD7F-B8DB-47AA-A4F5-C3403373501F}.Release|x64.ActiveCfg = Release|x64
		{CB05DD7F-B8DB-47AA-A4F5-C3403373501F}.Release|x64.Build.0 = Release|x64
		{CB05DD7F-B8DB-47AA-A4F5-C3403373501F}.Release|x86.ActiveCfg = Release|x86
		{CB05DD7F-B8DB-47AA-A4F5-C3403373501F}.Release|x86.Build.0 = Release|x86
		{DE9F2CCE-251A-4B8C-9DA2-CA9DB9FB9FCE}.Debug|Any CPU.ActiveCfg = Debug|x86
		{DE9F2CCE-251A-4B8C-9DA2-CA9DB9FB9FCE}.Debug|ARM.ActiveCfg = Debug|x86
		{DE9F2CCE-251A-4B8C-9DA2-CA9DB9FB9FCE}.Debug|ARM64.ActiveCfg = Debug|x86
		{DE9F2CCE-251A-4B8C-9DA2-CA9DB9FB9FCE}.Debug|x64.ActiveCfg = Debug|x86
		{DE9F2CCE-251A-4B8C-9DA2-CA9DB9FB9FCE}.Debug|x86.ActiveCfg = Debug|x86
		{DE9F2CCE-251A-4B8C-9DA2-CA9DB9FB9FCE}.Debug|x86.Build.0 = Debug|x86
		{DE9F2CCE-251A-4B8C-9DA2-CA9DB9FB9FCE}.Release|Any CPU.ActiveCfg = Release|x86
		{DE9F2CCE-251A-4B8C-9DA2-CA9DB9FB9FCE}.Release|ARM.ActiveCfg = Release|x86
		{DE9F2CCE-251A-4B8C-9DA2-CA9DB9FB9FCE}.Release|ARM64.ActiveCfg = Release|x86
		{DE9F2CCE-251A-4B8C-9DA2-CA9DB9FB9FCE}.Release|x64.ActiveCfg = Release|x86
		{DE9F2CCE-251A-4B8C-9DA2-CA9DB9FB9FCE}.Release|x86.ActiveCfg = Release|x86
		{DE9F2CCE-251A-4B8C-9DA2-CA9DB9FB9FCE}.Release|x86.Build.0 = Release|x86
		{0917C852-D4B7-447B-B88A-24EC35A2B19E}.Debug|Any CPU.ActiveCfg = Debug|Any CPU
		{0917C852-D4B7-447B-B88A-24EC35A2B19E}.Debug|Any CPU.Build.0 = Debug|Any CPU
		{0917C852-D4B7-447B-B88A-24EC35A2B19E}.Debug|ARM.ActiveCfg = Debug|Any CPU
		{0917C852-D4B7-447B-B88A-24EC35A2B19E}.Debug|ARM.Build.0 = Debug|Any CPU
		{0917C852-D4B7-447B-B88A-24EC35A2B19E}.Debug|ARM64.ActiveCfg = Debug|Any CPU
		{0917C852-D4B7-447B-B88A-24EC35A2B19E}.Debug|ARM64.Build.0 = Debug|Any CPU
		{0917C852-D4B7-447B-B88A-24EC35A2B19E}.Debug|x64.ActiveCfg = Debug|Any CPU
		{0917C852-D4B7-447B-B88A-24EC35A2B19E}.Debug|x64.Build.0 = Debug|Any CPU
		{0917C852-D4B7-447B-B88A-24EC35A2B19E}.Debug|x86.ActiveCfg = Debug|Any CPU
		{0917C852-D4B7-447B-B88A-24EC35A2B19E}.Debug|x86.Build.0 = Debug|Any CPU
		{0917C852-D4B7-447B-B88A-24EC35A2B19E}.Release|Any CPU.ActiveCfg = Release|Any CPU
		{0917C852-D4B7-447B-B88A-24EC35A2B19E}.Release|Any CPU.Build.0 = Release|Any CPU
		{0917C852-D4B7-447B-B88A-24EC35A2B19E}.Release|ARM.ActiveCfg = Release|Any CPU
		{0917C852-D4B7-447B-B88A-24EC35A2B19E}.Release|ARM.Build.0 = Release|Any CPU
		{0917C852-D4B7-447B-B88A-24EC35A2B19E}.Release|ARM64.ActiveCfg = Release|Any CPU
		{0917C852-D4B7-447B-B88A-24EC35A2B19E}.Release|ARM64.Build.0 = Release|Any CPU
		{0917C852-D4B7-447B-B88A-24EC35A2B19E}.Release|x64.ActiveCfg = Release|Any CPU
		{0917C852-D4B7-447B-B88A-24EC35A2B19E}.Release|x64.Build.0 = Release|Any CPU
		{0917C852-D4B7-447B-B88A-24EC35A2B19E}.Release|x86.ActiveCfg = Release|Any CPU
		{0917C852-D4B7-447B-B88A-24EC35A2B19E}.Release|x86.Build.0 = Release|Any CPU
		{C6B8B74A-BEDB-4D7B-8F18-E8B1148E7308}.Debug|Any CPU.ActiveCfg = Debug|Any CPU
		{C6B8B74A-BEDB-4D7B-8F18-E8B1148E7308}.Debug|Any CPU.Build.0 = Debug|Any CPU
		{C6B8B74A-BEDB-4D7B-8F18-E8B1148E7308}.Debug|ARM.ActiveCfg = Debug|Any CPU
		{C6B8B74A-BEDB-4D7B-8F18-E8B1148E7308}.Debug|ARM.Build.0 = Debug|Any CPU
		{C6B8B74A-BEDB-4D7B-8F18-E8B1148E7308}.Debug|ARM64.ActiveCfg = Debug|Any CPU
		{C6B8B74A-BEDB-4D7B-8F18-E8B1148E7308}.Debug|ARM64.Build.0 = Debug|Any CPU
		{C6B8B74A-BEDB-4D7B-8F18-E8B1148E7308}.Debug|x64.ActiveCfg = Debug|Any CPU
		{C6B8B74A-BEDB-4D7B-8F18-E8B1148E7308}.Debug|x64.Build.0 = Debug|Any CPU
		{C6B8B74A-BEDB-4D7B-8F18-E8B1148E7308}.Debug|x86.ActiveCfg = Debug|Any CPU
		{C6B8B74A-BEDB-4D7B-8F18-E8B1148E7308}.Debug|x86.Build.0 = Debug|Any CPU
		{C6B8B74A-BEDB-4D7B-8F18-E8B1148E7308}.Release|Any CPU.ActiveCfg = Release|Any CPU
		{C6B8B74A-BEDB-4D7B-8F18-E8B1148E7308}.Release|Any CPU.Build.0 = Release|Any CPU
		{C6B8B74A-BEDB-4D7B-8F18-E8B1148E7308}.Release|ARM.ActiveCfg = Release|Any CPU
		{C6B8B74A-BEDB-4D7B-8F18-E8B1148E7308}.Release|ARM.Build.0 = Release|Any CPU
		{C6B8B74A-BEDB-4D7B-8F18-E8B1148E7308}.Release|ARM64.ActiveCfg = Release|Any CPU
		{C6B8B74A-BEDB-4D7B-8F18-E8B1148E7308}.Release|ARM64.Build.0 = Release|Any CPU
		{C6B8B74A-BEDB-4D7B-8F18-E8B1148E7308}.Release|x64.ActiveCfg = Release|Any CPU
		{C6B8B74A-BEDB-4D7B-8F18-E8B1148E7308}.Release|x64.Build.0 = Release|Any CPU
		{C6B8B74A-BEDB-4D7B-8F18-E8B1148E7308}.Release|x86.ActiveCfg = Release|Any CPU
		{C6B8B74A-BEDB-4D7B-8F18-E8B1148E7308}.Release|x86.Build.0 = Release|Any CPU
		{1DBE2BEE-F44D-4E0F-B4B7-032AD8D28A6E}.Debug|Any CPU.ActiveCfg = Debug|Any CPU
		{1DBE2BEE-F44D-4E0F-B4B7-032AD8D28A6E}.Debug|Any CPU.Build.0 = Debug|Any CPU
		{1DBE2BEE-F44D-4E0F-B4B7-032AD8D28A6E}.Debug|ARM.ActiveCfg = Debug|Any CPU
		{1DBE2BEE-F44D-4E0F-B4B7-032AD8D28A6E}.Debug|ARM.Build.0 = Debug|Any CPU
		{1DBE2BEE-F44D-4E0F-B4B7-032AD8D28A6E}.Debug|ARM64.ActiveCfg = Debug|Any CPU
		{1DBE2BEE-F44D-4E0F-B4B7-032AD8D28A6E}.Debug|ARM64.Build.0 = Debug|Any CPU
		{1DBE2BEE-F44D-4E0F-B4B7-032AD8D28A6E}.Debug|x64.ActiveCfg = Debug|Any CPU
		{1DBE2BEE-F44D-4E0F-B4B7-032AD8D28A6E}.Debug|x64.Build.0 = Debug|Any CPU
		{1DBE2BEE-F44D-4E0F-B4B7-032AD8D28A6E}.Debug|x86.ActiveCfg = Debug|Any CPU
		{1DBE2BEE-F44D-4E0F-B4B7-032AD8D28A6E}.Debug|x86.Build.0 = Debug|Any CPU
		{1DBE2BEE-F44D-4E0F-B4B7-032AD8D28A6E}.Release|Any CPU.ActiveCfg = Release|Any CPU
		{1DBE2BEE-F44D-4E0F-B4B7-032AD8D28A6E}.Release|Any CPU.Build.0 = Release|Any CPU
		{1DBE2BEE-F44D-4E0F-B4B7-032AD8D28A6E}.Release|ARM.ActiveCfg = Release|Any CPU
		{1DBE2BEE-F44D-4E0F-B4B7-032AD8D28A6E}.Release|ARM.Build.0 = Release|Any CPU
		{1DBE2BEE-F44D-4E0F-B4B7-032AD8D28A6E}.Release|ARM64.ActiveCfg = Release|Any CPU
		{1DBE2BEE-F44D-4E0F-B4B7-032AD8D28A6E}.Release|ARM64.Build.0 = Release|Any CPU
		{1DBE2BEE-F44D-4E0F-B4B7-032AD8D28A6E}.Release|x64.ActiveCfg = Release|Any CPU
		{1DBE2BEE-F44D-4E0F-B4B7-032AD8D28A6E}.Release|x64.Build.0 = Release|Any CPU
		{1DBE2BEE-F44D-4E0F-B4B7-032AD8D28A6E}.Release|x86.ActiveCfg = Release|Any CPU
		{1DBE2BEE-F44D-4E0F-B4B7-032AD8D28A6E}.Release|x86.Build.0 = Release|Any CPU
		{E95EADCC-03D6-4970-A7C7-2075871621FE}.Debug|Any CPU.ActiveCfg = Debug|Any CPU
		{E95EADCC-03D6-4970-A7C7-2075871621FE}.Debug|Any CPU.Build.0 = Debug|Any CPU
		{E95EADCC-03D6-4970-A7C7-2075871621FE}.Debug|ARM.ActiveCfg = Debug|Any CPU
		{E95EADCC-03D6-4970-A7C7-2075871621FE}.Debug|ARM.Build.0 = Debug|Any CPU
		{E95EADCC-03D6-4970-A7C7-2075871621FE}.Debug|ARM64.ActiveCfg = Debug|Any CPU
		{E95EADCC-03D6-4970-A7C7-2075871621FE}.Debug|ARM64.Build.0 = Debug|Any CPU
		{E95EADCC-03D6-4970-A7C7-2075871621FE}.Debug|x64.ActiveCfg = Debug|Any CPU
		{E95EADCC-03D6-4970-A7C7-2075871621FE}.Debug|x64.Build.0 = Debug|Any CPU
		{E95EADCC-03D6-4970-A7C7-2075871621FE}.Debug|x86.ActiveCfg = Debug|Any CPU
		{E95EADCC-03D6-4970-A7C7-2075871621FE}.Debug|x86.Build.0 = Debug|Any CPU
		{E95EADCC-03D6-4970-A7C7-2075871621FE}.Release|Any CPU.ActiveCfg = Release|Any CPU
		{E95EADCC-03D6-4970-A7C7-2075871621FE}.Release|Any CPU.Build.0 = Release|Any CPU
		{E95EADCC-03D6-4970-A7C7-2075871621FE}.Release|ARM.ActiveCfg = Release|Any CPU
		{E95EADCC-03D6-4970-A7C7-2075871621FE}.Release|ARM.Build.0 = Release|Any CPU
		{E95EADCC-03D6-4970-A7C7-2075871621FE}.Release|ARM64.ActiveCfg = Release|Any CPU
		{E95EADCC-03D6-4970-A7C7-2075871621FE}.Release|ARM64.Build.0 = Release|Any CPU
		{E95EADCC-03D6-4970-A7C7-2075871621FE}.Release|x64.ActiveCfg = Release|Any CPU
		{E95EADCC-03D6-4970-A7C7-2075871621FE}.Release|x64.Build.0 = Release|Any CPU
		{E95EADCC-03D6-4970-A7C7-2075871621FE}.Release|x86.ActiveCfg = Release|Any CPU
		{E95EADCC-03D6-4970-A7C7-2075871621FE}.Release|x86.Build.0 = Release|Any CPU
		{15628878-9FDD-40A7-9140-BFDE2FB3C9AE}.Debug|Any CPU.ActiveCfg = Debug|Any CPU
		{15628878-9FDD-40A7-9140-BFDE2FB3C9AE}.Debug|Any CPU.Build.0 = Debug|Any CPU
		{15628878-9FDD-40A7-9140-BFDE2FB3C9AE}.Debug|ARM.ActiveCfg = Debug|Any CPU
		{15628878-9FDD-40A7-9140-BFDE2FB3C9AE}.Debug|ARM.Build.0 = Debug|Any CPU
		{15628878-9FDD-40A7-9140-BFDE2FB3C9AE}.Debug|ARM64.ActiveCfg = Debug|Any CPU
		{15628878-9FDD-40A7-9140-BFDE2FB3C9AE}.Debug|ARM64.Build.0 = Debug|Any CPU
		{15628878-9FDD-40A7-9140-BFDE2FB3C9AE}.Debug|x64.ActiveCfg = Debug|Any CPU
		{15628878-9FDD-40A7-9140-BFDE2FB3C9AE}.Debug|x64.Build.0 = Debug|Any CPU
		{15628878-9FDD-40A7-9140-BFDE2FB3C9AE}.Debug|x86.ActiveCfg = Debug|Any CPU
		{15628878-9FDD-40A7-9140-BFDE2FB3C9AE}.Debug|x86.Build.0 = Debug|Any CPU
		{15628878-9FDD-40A7-9140-BFDE2FB3C9AE}.Release|Any CPU.ActiveCfg = Release|Any CPU
		{15628878-9FDD-40A7-9140-BFDE2FB3C9AE}.Release|Any CPU.Build.0 = Release|Any CPU
		{15628878-9FDD-40A7-9140-BFDE2FB3C9AE}.Release|ARM.ActiveCfg = Release|Any CPU
		{15628878-9FDD-40A7-9140-BFDE2FB3C9AE}.Release|ARM.Build.0 = Release|Any CPU
		{15628878-9FDD-40A7-9140-BFDE2FB3C9AE}.Release|ARM64.ActiveCfg = Release|Any CPU
		{15628878-9FDD-40A7-9140-BFDE2FB3C9AE}.Release|ARM64.Build.0 = Release|Any CPU
		{15628878-9FDD-40A7-9140-BFDE2FB3C9AE}.Release|x64.ActiveCfg = Release|Any CPU
		{15628878-9FDD-40A7-9140-BFDE2FB3C9AE}.Release|x64.Build.0 = Release|Any CPU
		{15628878-9FDD-40A7-9140-BFDE2FB3C9AE}.Release|x86.ActiveCfg = Release|Any CPU
		{15628878-9FDD-40A7-9140-BFDE2FB3C9AE}.Release|x86.Build.0 = Release|Any CPU
		{3DB96077-1DE9-46DB-BB96-594EB2BA33D5}.Debug|Any CPU.ActiveCfg = Debug|Any CPU
		{3DB96077-1DE9-46DB-BB96-594EB2BA33D5}.Debug|Any CPU.Build.0 = Debug|Any CPU
		{3DB96077-1DE9-46DB-BB96-594EB2BA33D5}.Debug|ARM.ActiveCfg = Debug|Any CPU
		{3DB96077-1DE9-46DB-BB96-594EB2BA33D5}.Debug|ARM.Build.0 = Debug|Any CPU
		{3DB96077-1DE9-46DB-BB96-594EB2BA33D5}.Debug|ARM64.ActiveCfg = Debug|Any CPU
		{3DB96077-1DE9-46DB-BB96-594EB2BA33D5}.Debug|ARM64.Build.0 = Debug|Any CPU
		{3DB96077-1DE9-46DB-BB96-594EB2BA33D5}.Debug|x64.ActiveCfg = Debug|Any CPU
		{3DB96077-1DE9-46DB-BB96-594EB2BA33D5}.Debug|x64.Build.0 = Debug|Any CPU
		{3DB96077-1DE9-46DB-BB96-594EB2BA33D5}.Debug|x86.ActiveCfg = Debug|Any CPU
		{3DB96077-1DE9-46DB-BB96-594EB2BA33D5}.Debug|x86.Build.0 = Debug|Any CPU
		{3DB96077-1DE9-46DB-BB96-594EB2BA33D5}.Release|Any CPU.ActiveCfg = Release|Any CPU
		{3DB96077-1DE9-46DB-BB96-594EB2BA33D5}.Release|Any CPU.Build.0 = Release|Any CPU
		{3DB96077-1DE9-46DB-BB96-594EB2BA33D5}.Release|ARM.ActiveCfg = Release|Any CPU
		{3DB96077-1DE9-46DB-BB96-594EB2BA33D5}.Release|ARM.Build.0 = Release|Any CPU
		{3DB96077-1DE9-46DB-BB96-594EB2BA33D5}.Release|ARM64.ActiveCfg = Release|Any CPU
		{3DB96077-1DE9-46DB-BB96-594EB2BA33D5}.Release|ARM64.Build.0 = Release|Any CPU
		{3DB96077-1DE9-46DB-BB96-594EB2BA33D5}.Release|x64.ActiveCfg = Release|Any CPU
		{3DB96077-1DE9-46DB-BB96-594EB2BA33D5}.Release|x64.Build.0 = Release|Any CPU
		{3DB96077-1DE9-46DB-BB96-594EB2BA33D5}.Release|x86.ActiveCfg = Release|Any CPU
		{3DB96077-1DE9-46DB-BB96-594EB2BA33D5}.Release|x86.Build.0 = Release|Any CPU
		{08BB509F-EAD1-4666-A539-6D60F464DB2F}.Debug|Any CPU.ActiveCfg = Debug|Any CPU
		{08BB509F-EAD1-4666-A539-6D60F464DB2F}.Debug|Any CPU.Build.0 = Debug|Any CPU
		{08BB509F-EAD1-4666-A539-6D60F464DB2F}.Debug|ARM.ActiveCfg = Debug|Any CPU
		{08BB509F-EAD1-4666-A539-6D60F464DB2F}.Debug|ARM.Build.0 = Debug|Any CPU
		{08BB509F-EAD1-4666-A539-6D60F464DB2F}.Debug|ARM64.ActiveCfg = Debug|Any CPU
		{08BB509F-EAD1-4666-A539-6D60F464DB2F}.Debug|ARM64.Build.0 = Debug|Any CPU
		{08BB509F-EAD1-4666-A539-6D60F464DB2F}.Debug|x64.ActiveCfg = Debug|Any CPU
		{08BB509F-EAD1-4666-A539-6D60F464DB2F}.Debug|x64.Build.0 = Debug|Any CPU
		{08BB509F-EAD1-4666-A539-6D60F464DB2F}.Debug|x86.ActiveCfg = Debug|Any CPU
		{08BB509F-EAD1-4666-A539-6D60F464DB2F}.Debug|x86.Build.0 = Debug|Any CPU
		{08BB509F-EAD1-4666-A539-6D60F464DB2F}.Release|Any CPU.ActiveCfg = Release|Any CPU
		{08BB509F-EAD1-4666-A539-6D60F464DB2F}.Release|Any CPU.Build.0 = Release|Any CPU
		{08BB509F-EAD1-4666-A539-6D60F464DB2F}.Release|ARM.ActiveCfg = Release|Any CPU
		{08BB509F-EAD1-4666-A539-6D60F464DB2F}.Release|ARM.Build.0 = Release|Any CPU
		{08BB509F-EAD1-4666-A539-6D60F464DB2F}.Release|ARM64.ActiveCfg = Release|Any CPU
		{08BB509F-EAD1-4666-A539-6D60F464DB2F}.Release|ARM64.Build.0 = Release|Any CPU
		{08BB509F-EAD1-4666-A539-6D60F464DB2F}.Release|x64.ActiveCfg = Release|Any CPU
		{08BB509F-EAD1-4666-A539-6D60F464DB2F}.Release|x64.Build.0 = Release|Any CPU
		{08BB509F-EAD1-4666-A539-6D60F464DB2F}.Release|x86.ActiveCfg = Release|Any CPU
		{08BB509F-EAD1-4666-A539-6D60F464DB2F}.Release|x86.Build.0 = Release|Any CPU
		{332D26B6-9716-4CE7-912F-F97F3B9251CB}.Debug|Any CPU.ActiveCfg = Debug|Any CPU
		{332D26B6-9716-4CE7-912F-F97F3B9251CB}.Debug|Any CPU.Build.0 = Debug|Any CPU
		{332D26B6-9716-4CE7-912F-F97F3B9251CB}.Debug|ARM.ActiveCfg = Debug|Any CPU
		{332D26B6-9716-4CE7-912F-F97F3B9251CB}.Debug|ARM.Build.0 = Debug|Any CPU
		{332D26B6-9716-4CE7-912F-F97F3B9251CB}.Debug|ARM64.ActiveCfg = Debug|Any CPU
		{332D26B6-9716-4CE7-912F-F97F3B9251CB}.Debug|ARM64.Build.0 = Debug|Any CPU
		{332D26B6-9716-4CE7-912F-F97F3B9251CB}.Debug|x64.ActiveCfg = Debug|Any CPU
		{332D26B6-9716-4CE7-912F-F97F3B9251CB}.Debug|x64.Build.0 = Debug|Any CPU
		{332D26B6-9716-4CE7-912F-F97F3B9251CB}.Debug|x86.ActiveCfg = Debug|Any CPU
		{332D26B6-9716-4CE7-912F-F97F3B9251CB}.Debug|x86.Build.0 = Debug|Any CPU
		{332D26B6-9716-4CE7-912F-F97F3B9251CB}.Release|Any CPU.ActiveCfg = Release|Any CPU
		{332D26B6-9716-4CE7-912F-F97F3B9251CB}.Release|Any CPU.Build.0 = Release|Any CPU
		{332D26B6-9716-4CE7-912F-F97F3B9251CB}.Release|ARM.ActiveCfg = Release|Any CPU
		{332D26B6-9716-4CE7-912F-F97F3B9251CB}.Release|ARM.Build.0 = Release|Any CPU
		{332D26B6-9716-4CE7-912F-F97F3B9251CB}.Release|ARM64.ActiveCfg = Release|Any CPU
		{332D26B6-9716-4CE7-912F-F97F3B9251CB}.Release|ARM64.Build.0 = Release|Any CPU
		{332D26B6-9716-4CE7-912F-F97F3B9251CB}.Release|x64.ActiveCfg = Release|Any CPU
		{332D26B6-9716-4CE7-912F-F97F3B9251CB}.Release|x64.Build.0 = Release|Any CPU
		{332D26B6-9716-4CE7-912F-F97F3B9251CB}.Release|x86.ActiveCfg = Release|Any CPU
		{332D26B6-9716-4CE7-912F-F97F3B9251CB}.Release|x86.Build.0 = Release|Any CPU
		{57EE36CD-20C9-4C83-BDB6-5475B5FE6201}.Debug|Any CPU.ActiveCfg = Debug|Any CPU
		{57EE36CD-20C9-4C83-BDB6-5475B5FE6201}.Debug|Any CPU.Build.0 = Debug|Any CPU
		{57EE36CD-20C9-4C83-BDB6-5475B5FE6201}.Debug|ARM.ActiveCfg = Debug|Any CPU
		{57EE36CD-20C9-4C83-BDB6-5475B5FE6201}.Debug|ARM.Build.0 = Debug|Any CPU
		{57EE36CD-20C9-4C83-BDB6-5475B5FE6201}.Debug|ARM64.ActiveCfg = Debug|Any CPU
		{57EE36CD-20C9-4C83-BDB6-5475B5FE6201}.Debug|ARM64.Build.0 = Debug|Any CPU
		{57EE36CD-20C9-4C83-BDB6-5475B5FE6201}.Debug|x64.ActiveCfg = Debug|Any CPU
		{57EE36CD-20C9-4C83-BDB6-5475B5FE6201}.Debug|x64.Build.0 = Debug|Any CPU
		{57EE36CD-20C9-4C83-BDB6-5475B5FE6201}.Debug|x86.ActiveCfg = Debug|Any CPU
		{57EE36CD-20C9-4C83-BDB6-5475B5FE6201}.Debug|x86.Build.0 = Debug|Any CPU
		{57EE36CD-20C9-4C83-BDB6-5475B5FE6201}.Release|Any CPU.ActiveCfg = Release|Any CPU
		{57EE36CD-20C9-4C83-BDB6-5475B5FE6201}.Release|Any CPU.Build.0 = Release|Any CPU
		{57EE36CD-20C9-4C83-BDB6-5475B5FE6201}.Release|ARM.ActiveCfg = Release|Any CPU
		{57EE36CD-20C9-4C83-BDB6-5475B5FE6201}.Release|ARM.Build.0 = Release|Any CPU
		{57EE36CD-20C9-4C83-BDB6-5475B5FE6201}.Release|ARM64.ActiveCfg = Release|Any CPU
		{57EE36CD-20C9-4C83-BDB6-5475B5FE6201}.Release|ARM64.Build.0 = Release|Any CPU
		{57EE36CD-20C9-4C83-BDB6-5475B5FE6201}.Release|x64.ActiveCfg = Release|Any CPU
		{57EE36CD-20C9-4C83-BDB6-5475B5FE6201}.Release|x64.Build.0 = Release|Any CPU
		{57EE36CD-20C9-4C83-BDB6-5475B5FE6201}.Release|x86.ActiveCfg = Release|Any CPU
		{57EE36CD-20C9-4C83-BDB6-5475B5FE6201}.Release|x86.Build.0 = Release|Any CPU
		{0A68CB15-CAB1-41FE-9B9B-5B2CAC8F25CA}.Debug|Any CPU.ActiveCfg = Debug|Any CPU
		{0A68CB15-CAB1-41FE-9B9B-5B2CAC8F25CA}.Debug|Any CPU.Build.0 = Debug|Any CPU
		{0A68CB15-CAB1-41FE-9B9B-5B2CAC8F25CA}.Debug|ARM.ActiveCfg = Debug|Any CPU
		{0A68CB15-CAB1-41FE-9B9B-5B2CAC8F25CA}.Debug|ARM.Build.0 = Debug|Any CPU
		{0A68CB15-CAB1-41FE-9B9B-5B2CAC8F25CA}.Debug|ARM64.ActiveCfg = Debug|Any CPU
		{0A68CB15-CAB1-41FE-9B9B-5B2CAC8F25CA}.Debug|ARM64.Build.0 = Debug|Any CPU
		{0A68CB15-CAB1-41FE-9B9B-5B2CAC8F25CA}.Debug|x64.ActiveCfg = Debug|Any CPU
		{0A68CB15-CAB1-41FE-9B9B-5B2CAC8F25CA}.Debug|x64.Build.0 = Debug|Any CPU
		{0A68CB15-CAB1-41FE-9B9B-5B2CAC8F25CA}.Debug|x86.ActiveCfg = Debug|Any CPU
		{0A68CB15-CAB1-41FE-9B9B-5B2CAC8F25CA}.Debug|x86.Build.0 = Debug|Any CPU
		{0A68CB15-CAB1-41FE-9B9B-5B2CAC8F25CA}.Release|Any CPU.ActiveCfg = Release|Any CPU
		{0A68CB15-CAB1-41FE-9B9B-5B2CAC8F25CA}.Release|Any CPU.Build.0 = Release|Any CPU
		{0A68CB15-CAB1-41FE-9B9B-5B2CAC8F25CA}.Release|ARM.ActiveCfg = Release|Any CPU
		{0A68CB15-CAB1-41FE-9B9B-5B2CAC8F25CA}.Release|ARM.Build.0 = Release|Any CPU
		{0A68CB15-CAB1-41FE-9B9B-5B2CAC8F25CA}.Release|ARM64.ActiveCfg = Release|Any CPU
		{0A68CB15-CAB1-41FE-9B9B-5B2CAC8F25CA}.Release|ARM64.Build.0 = Release|Any CPU
		{0A68CB15-CAB1-41FE-9B9B-5B2CAC8F25CA}.Release|x64.ActiveCfg = Release|Any CPU
		{0A68CB15-CAB1-41FE-9B9B-5B2CAC8F25CA}.Release|x64.Build.0 = Release|Any CPU
		{0A68CB15-CAB1-41FE-9B9B-5B2CAC8F25CA}.Release|x86.ActiveCfg = Release|Any CPU
		{0A68CB15-CAB1-41FE-9B9B-5B2CAC8F25CA}.Release|x86.Build.0 = Release|Any CPU
		{92017569-2991-4B9A-BFA2-6B41CFA72B83}.Debug|Any CPU.ActiveCfg = Debug|Any CPU
		{92017569-2991-4B9A-BFA2-6B41CFA72B83}.Debug|Any CPU.Build.0 = Debug|Any CPU
		{92017569-2991-4B9A-BFA2-6B41CFA72B83}.Debug|ARM.ActiveCfg = Debug|Any CPU
		{92017569-2991-4B9A-BFA2-6B41CFA72B83}.Debug|ARM.Build.0 = Debug|Any CPU
		{92017569-2991-4B9A-BFA2-6B41CFA72B83}.Debug|ARM64.ActiveCfg = Debug|Any CPU
		{92017569-2991-4B9A-BFA2-6B41CFA72B83}.Debug|ARM64.Build.0 = Debug|Any CPU
		{92017569-2991-4B9A-BFA2-6B41CFA72B83}.Debug|x64.ActiveCfg = Debug|Any CPU
		{92017569-2991-4B9A-BFA2-6B41CFA72B83}.Debug|x64.Build.0 = Debug|Any CPU
		{92017569-2991-4B9A-BFA2-6B41CFA72B83}.Debug|x86.ActiveCfg = Debug|Any CPU
		{92017569-2991-4B9A-BFA2-6B41CFA72B83}.Debug|x86.Build.0 = Debug|Any CPU
		{92017569-2991-4B9A-BFA2-6B41CFA72B83}.Release|Any CPU.ActiveCfg = Release|Any CPU
		{92017569-2991-4B9A-BFA2-6B41CFA72B83}.Release|Any CPU.Build.0 = Release|Any CPU
		{92017569-2991-4B9A-BFA2-6B41CFA72B83}.Release|ARM.ActiveCfg = Release|Any CPU
		{92017569-2991-4B9A-BFA2-6B41CFA72B83}.Release|ARM.Build.0 = Release|Any CPU
		{92017569-2991-4B9A-BFA2-6B41CFA72B83}.Release|ARM64.ActiveCfg = Release|Any CPU
		{92017569-2991-4B9A-BFA2-6B41CFA72B83}.Release|ARM64.Build.0 = Release|Any CPU
		{92017569-2991-4B9A-BFA2-6B41CFA72B83}.Release|x64.ActiveCfg = Release|Any CPU
		{92017569-2991-4B9A-BFA2-6B41CFA72B83}.Release|x64.Build.0 = Release|Any CPU
		{92017569-2991-4B9A-BFA2-6B41CFA72B83}.Release|x86.ActiveCfg = Release|Any CPU
		{92017569-2991-4B9A-BFA2-6B41CFA72B83}.Release|x86.Build.0 = Release|Any CPU
		{A2BC3AE2-4A61-4E9E-9FA4-96A02677C79C}.Debug|Any CPU.ActiveCfg = Debug|Any CPU
		{A2BC3AE2-4A61-4E9E-9FA4-96A02677C79C}.Debug|Any CPU.Build.0 = Debug|Any CPU
		{A2BC3AE2-4A61-4E9E-9FA4-96A02677C79C}.Debug|ARM.ActiveCfg = Debug|Any CPU
		{A2BC3AE2-4A61-4E9E-9FA4-96A02677C79C}.Debug|ARM.Build.0 = Debug|Any CPU
		{A2BC3AE2-4A61-4E9E-9FA4-96A02677C79C}.Debug|ARM64.ActiveCfg = Debug|Any CPU
		{A2BC3AE2-4A61-4E9E-9FA4-96A02677C79C}.Debug|ARM64.Build.0 = Debug|Any CPU
		{A2BC3AE2-4A61-4E9E-9FA4-96A02677C79C}.Debug|x64.ActiveCfg = Debug|Any CPU
		{A2BC3AE2-4A61-4E9E-9FA4-96A02677C79C}.Debug|x64.Build.0 = Debug|Any CPU
		{A2BC3AE2-4A61-4E9E-9FA4-96A02677C79C}.Debug|x86.ActiveCfg = Debug|Any CPU
		{A2BC3AE2-4A61-4E9E-9FA4-96A02677C79C}.Debug|x86.Build.0 = Debug|Any CPU
		{A2BC3AE2-4A61-4E9E-9FA4-96A02677C79C}.Release|Any CPU.ActiveCfg = Release|Any CPU
		{A2BC3AE2-4A61-4E9E-9FA4-96A02677C79C}.Release|Any CPU.Build.0 = Release|Any CPU
		{A2BC3AE2-4A61-4E9E-9FA4-96A02677C79C}.Release|ARM.ActiveCfg = Release|Any CPU
		{A2BC3AE2-4A61-4E9E-9FA4-96A02677C79C}.Release|ARM.Build.0 = Release|Any CPU
		{A2BC3AE2-4A61-4E9E-9FA4-96A02677C79C}.Release|ARM64.ActiveCfg = Release|Any CPU
		{A2BC3AE2-4A61-4E9E-9FA4-96A02677C79C}.Release|ARM64.Build.0 = Release|Any CPU
		{A2BC3AE2-4A61-4E9E-9FA4-96A02677C79C}.Release|x64.ActiveCfg = Release|Any CPU
		{A2BC3AE2-4A61-4E9E-9FA4-96A02677C79C}.Release|x64.Build.0 = Release|Any CPU
		{A2BC3AE2-4A61-4E9E-9FA4-96A02677C79C}.Release|x86.ActiveCfg = Release|Any CPU
		{A2BC3AE2-4A61-4E9E-9FA4-96A02677C79C}.Release|x86.Build.0 = Release|Any CPU
		{0A0C77AF-9FE5-4C32-B32E-40AB40FFEFF9}.Debug|Any CPU.ActiveCfg = Debug|Any CPU
		{0A0C77AF-9FE5-4C32-B32E-40AB40FFEFF9}.Debug|Any CPU.Build.0 = Debug|Any CPU
		{0A0C77AF-9FE5-4C32-B32E-40AB40FFEFF9}.Debug|ARM.ActiveCfg = Debug|Any CPU
		{0A0C77AF-9FE5-4C32-B32E-40AB40FFEFF9}.Debug|ARM.Build.0 = Debug|Any CPU
		{0A0C77AF-9FE5-4C32-B32E-40AB40FFEFF9}.Debug|ARM64.ActiveCfg = Debug|Any CPU
		{0A0C77AF-9FE5-4C32-B32E-40AB40FFEFF9}.Debug|ARM64.Build.0 = Debug|Any CPU
		{0A0C77AF-9FE5-4C32-B32E-40AB40FFEFF9}.Debug|x64.ActiveCfg = Debug|Any CPU
		{0A0C77AF-9FE5-4C32-B32E-40AB40FFEFF9}.Debug|x64.Build.0 = Debug|Any CPU
		{0A0C77AF-9FE5-4C32-B32E-40AB40FFEFF9}.Debug|x86.ActiveCfg = Debug|Any CPU
		{0A0C77AF-9FE5-4C32-B32E-40AB40FFEFF9}.Debug|x86.Build.0 = Debug|Any CPU
		{0A0C77AF-9FE5-4C32-B32E-40AB40FFEFF9}.Release|Any CPU.ActiveCfg = Release|Any CPU
		{0A0C77AF-9FE5-4C32-B32E-40AB40FFEFF9}.Release|Any CPU.Build.0 = Release|Any CPU
		{0A0C77AF-9FE5-4C32-B32E-40AB40FFEFF9}.Release|ARM.ActiveCfg = Release|Any CPU
		{0A0C77AF-9FE5-4C32-B32E-40AB40FFEFF9}.Release|ARM.Build.0 = Release|Any CPU
		{0A0C77AF-9FE5-4C32-B32E-40AB40FFEFF9}.Release|ARM64.ActiveCfg = Release|Any CPU
		{0A0C77AF-9FE5-4C32-B32E-40AB40FFEFF9}.Release|ARM64.Build.0 = Release|Any CPU
		{0A0C77AF-9FE5-4C32-B32E-40AB40FFEFF9}.Release|x64.ActiveCfg = Release|Any CPU
		{0A0C77AF-9FE5-4C32-B32E-40AB40FFEFF9}.Release|x64.Build.0 = Release|Any CPU
		{0A0C77AF-9FE5-4C32-B32E-40AB40FFEFF9}.Release|x86.ActiveCfg = Release|Any CPU
		{0A0C77AF-9FE5-4C32-B32E-40AB40FFEFF9}.Release|x86.Build.0 = Release|Any CPU
		{3D408912-630F-4F37-BFC7-C63F7E8307AD}.Debug|Any CPU.ActiveCfg = Debug|Any CPU
		{3D408912-630F-4F37-BFC7-C63F7E8307AD}.Debug|Any CPU.Build.0 = Debug|Any CPU
		{3D408912-630F-4F37-BFC7-C63F7E8307AD}.Debug|ARM.ActiveCfg = Debug|Any CPU
		{3D408912-630F-4F37-BFC7-C63F7E8307AD}.Debug|ARM.Build.0 = Debug|Any CPU
		{3D408912-630F-4F37-BFC7-C63F7E8307AD}.Debug|ARM64.ActiveCfg = Debug|Any CPU
		{3D408912-630F-4F37-BFC7-C63F7E8307AD}.Debug|ARM64.Build.0 = Debug|Any CPU
		{3D408912-630F-4F37-BFC7-C63F7E8307AD}.Debug|x64.ActiveCfg = Debug|Any CPU
		{3D408912-630F-4F37-BFC7-C63F7E8307AD}.Debug|x64.Build.0 = Debug|Any CPU
		{3D408912-630F-4F37-BFC7-C63F7E8307AD}.Debug|x86.ActiveCfg = Debug|Any CPU
		{3D408912-630F-4F37-BFC7-C63F7E8307AD}.Debug|x86.Build.0 = Debug|Any CPU
		{3D408912-630F-4F37-BFC7-C63F7E8307AD}.Release|Any CPU.ActiveCfg = Release|Any CPU
		{3D408912-630F-4F37-BFC7-C63F7E8307AD}.Release|Any CPU.Build.0 = Release|Any CPU
		{3D408912-630F-4F37-BFC7-C63F7E8307AD}.Release|ARM.ActiveCfg = Release|Any CPU
		{3D408912-630F-4F37-BFC7-C63F7E8307AD}.Release|ARM.Build.0 = Release|Any CPU
		{3D408912-630F-4F37-BFC7-C63F7E8307AD}.Release|ARM64.ActiveCfg = Release|Any CPU
		{3D408912-630F-4F37-BFC7-C63F7E8307AD}.Release|ARM64.Build.0 = Release|Any CPU
		{3D408912-630F-4F37-BFC7-C63F7E8307AD}.Release|x64.ActiveCfg = Release|Any CPU
		{3D408912-630F-4F37-BFC7-C63F7E8307AD}.Release|x64.Build.0 = Release|Any CPU
		{3D408912-630F-4F37-BFC7-C63F7E8307AD}.Release|x86.ActiveCfg = Release|Any CPU
		{3D408912-630F-4F37-BFC7-C63F7E8307AD}.Release|x86.Build.0 = Release|Any CPU
		{4D309A34-0A04-4A85-9A0A-FA86249E0983}.Debug|Any CPU.ActiveCfg = Debug|Any CPU
		{4D309A34-0A04-4A85-9A0A-FA86249E0983}.Debug|Any CPU.Build.0 = Debug|Any CPU
		{4D309A34-0A04-4A85-9A0A-FA86249E0983}.Debug|ARM.ActiveCfg = Debug|Any CPU
		{4D309A34-0A04-4A85-9A0A-FA86249E0983}.Debug|ARM.Build.0 = Debug|Any CPU
		{4D309A34-0A04-4A85-9A0A-FA86249E0983}.Debug|ARM64.ActiveCfg = Debug|Any CPU
		{4D309A34-0A04-4A85-9A0A-FA86249E0983}.Debug|ARM64.Build.0 = Debug|Any CPU
		{4D309A34-0A04-4A85-9A0A-FA86249E0983}.Debug|x64.ActiveCfg = Debug|Any CPU
		{4D309A34-0A04-4A85-9A0A-FA86249E0983}.Debug|x64.Build.0 = Debug|Any CPU
		{4D309A34-0A04-4A85-9A0A-FA86249E0983}.Debug|x86.ActiveCfg = Debug|Any CPU
		{4D309A34-0A04-4A85-9A0A-FA86249E0983}.Debug|x86.Build.0 = Debug|Any CPU
		{4D309A34-0A04-4A85-9A0A-FA86249E0983}.Release|Any CPU.ActiveCfg = Release|Any CPU
		{4D309A34-0A04-4A85-9A0A-FA86249E0983}.Release|Any CPU.Build.0 = Release|Any CPU
		{4D309A34-0A04-4A85-9A0A-FA86249E0983}.Release|ARM.ActiveCfg = Release|Any CPU
		{4D309A34-0A04-4A85-9A0A-FA86249E0983}.Release|ARM.Build.0 = Release|Any CPU
		{4D309A34-0A04-4A85-9A0A-FA86249E0983}.Release|ARM64.ActiveCfg = Release|Any CPU
		{4D309A34-0A04-4A85-9A0A-FA86249E0983}.Release|ARM64.Build.0 = Release|Any CPU
		{4D309A34-0A04-4A85-9A0A-FA86249E0983}.Release|x64.ActiveCfg = Release|Any CPU
		{4D309A34-0A04-4A85-9A0A-FA86249E0983}.Release|x64.Build.0 = Release|Any CPU
		{4D309A34-0A04-4A85-9A0A-FA86249E0983}.Release|x86.ActiveCfg = Release|Any CPU
		{4D309A34-0A04-4A85-9A0A-FA86249E0983}.Release|x86.Build.0 = Release|Any CPU
		{128C2BF1-DE92-4BB8-BDA0-EEFC5EAB66D2}.Debug|Any CPU.ActiveCfg = Debug|Any CPU
		{128C2BF1-DE92-4BB8-BDA0-EEFC5EAB66D2}.Debug|Any CPU.Build.0 = Debug|Any CPU
		{128C2BF1-DE92-4BB8-BDA0-EEFC5EAB66D2}.Debug|ARM.ActiveCfg = Debug|Any CPU
		{128C2BF1-DE92-4BB8-BDA0-EEFC5EAB66D2}.Debug|ARM.Build.0 = Debug|Any CPU
		{128C2BF1-DE92-4BB8-BDA0-EEFC5EAB66D2}.Debug|ARM64.ActiveCfg = Debug|Any CPU
		{128C2BF1-DE92-4BB8-BDA0-EEFC5EAB66D2}.Debug|ARM64.Build.0 = Debug|Any CPU
		{128C2BF1-DE92-4BB8-BDA0-EEFC5EAB66D2}.Debug|x64.ActiveCfg = Debug|Any CPU
		{128C2BF1-DE92-4BB8-BDA0-EEFC5EAB66D2}.Debug|x64.Build.0 = Debug|Any CPU
		{128C2BF1-DE92-4BB8-BDA0-EEFC5EAB66D2}.Debug|x86.ActiveCfg = Debug|Any CPU
		{128C2BF1-DE92-4BB8-BDA0-EEFC5EAB66D2}.Debug|x86.Build.0 = Debug|Any CPU
		{128C2BF1-DE92-4BB8-BDA0-EEFC5EAB66D2}.Release|Any CPU.ActiveCfg = Release|Any CPU
		{128C2BF1-DE92-4BB8-BDA0-EEFC5EAB66D2}.Release|Any CPU.Build.0 = Release|Any CPU
		{128C2BF1-DE92-4BB8-BDA0-EEFC5EAB66D2}.Release|ARM.ActiveCfg = Release|Any CPU
		{128C2BF1-DE92-4BB8-BDA0-EEFC5EAB66D2}.Release|ARM.Build.0 = Release|Any CPU
		{128C2BF1-DE92-4BB8-BDA0-EEFC5EAB66D2}.Release|ARM64.ActiveCfg = Release|Any CPU
		{128C2BF1-DE92-4BB8-BDA0-EEFC5EAB66D2}.Release|ARM64.Build.0 = Release|Any CPU
		{128C2BF1-DE92-4BB8-BDA0-EEFC5EAB66D2}.Release|x64.ActiveCfg = Release|Any CPU
		{128C2BF1-DE92-4BB8-BDA0-EEFC5EAB66D2}.Release|x64.Build.0 = Release|Any CPU
		{128C2BF1-DE92-4BB8-BDA0-EEFC5EAB66D2}.Release|x86.ActiveCfg = Release|Any CPU
		{128C2BF1-DE92-4BB8-BDA0-EEFC5EAB66D2}.Release|x86.Build.0 = Release|Any CPU
		{E00609FA-9644-4243-B8B4-3E6A7EC7A562}.Debug|Any CPU.ActiveCfg = Debug|Any CPU
		{E00609FA-9644-4243-B8B4-3E6A7EC7A562}.Debug|Any CPU.Build.0 = Debug|Any CPU
		{E00609FA-9644-4243-B8B4-3E6A7EC7A562}.Debug|ARM.ActiveCfg = Debug|Any CPU
		{E00609FA-9644-4243-B8B4-3E6A7EC7A562}.Debug|ARM.Build.0 = Debug|Any CPU
		{E00609FA-9644-4243-B8B4-3E6A7EC7A562}.Debug|ARM64.ActiveCfg = Debug|Any CPU
		{E00609FA-9644-4243-B8B4-3E6A7EC7A562}.Debug|ARM64.Build.0 = Debug|Any CPU
		{E00609FA-9644-4243-B8B4-3E6A7EC7A562}.Debug|x64.ActiveCfg = Debug|Any CPU
		{E00609FA-9644-4243-B8B4-3E6A7EC7A562}.Debug|x64.Build.0 = Debug|Any CPU
		{E00609FA-9644-4243-B8B4-3E6A7EC7A562}.Debug|x86.ActiveCfg = Debug|Any CPU
		{E00609FA-9644-4243-B8B4-3E6A7EC7A562}.Debug|x86.Build.0 = Debug|Any CPU
		{E00609FA-9644-4243-B8B4-3E6A7EC7A562}.Release|Any CPU.ActiveCfg = Release|Any CPU
		{E00609FA-9644-4243-B8B4-3E6A7EC7A562}.Release|Any CPU.Build.0 = Release|Any CPU
		{E00609FA-9644-4243-B8B4-3E6A7EC7A562}.Release|ARM.ActiveCfg = Release|Any CPU
		{E00609FA-9644-4243-B8B4-3E6A7EC7A562}.Release|ARM.Build.0 = Release|Any CPU
		{E00609FA-9644-4243-B8B4-3E6A7EC7A562}.Release|ARM64.ActiveCfg = Release|Any CPU
		{E00609FA-9644-4243-B8B4-3E6A7EC7A562}.Release|ARM64.Build.0 = Release|Any CPU
		{E00609FA-9644-4243-B8B4-3E6A7EC7A562}.Release|x64.ActiveCfg = Release|Any CPU
		{E00609FA-9644-4243-B8B4-3E6A7EC7A562}.Release|x64.Build.0 = Release|Any CPU
		{E00609FA-9644-4243-B8B4-3E6A7EC7A562}.Release|x86.ActiveCfg = Release|Any CPU
		{E00609FA-9644-4243-B8B4-3E6A7EC7A562}.Release|x86.Build.0 = Release|Any CPU
		{8922F6BF-FFC1-4011-82F5-3E9C38948671}.Debug|Any CPU.ActiveCfg = Debug|x86
		{8922F6BF-FFC1-4011-82F5-3E9C38948671}.Debug|ARM.ActiveCfg = Debug|x86
		{8922F6BF-FFC1-4011-82F5-3E9C38948671}.Debug|ARM64.ActiveCfg = Debug|x86
		{8922F6BF-FFC1-4011-82F5-3E9C38948671}.Debug|x64.ActiveCfg = Debug|x86
		{8922F6BF-FFC1-4011-82F5-3E9C38948671}.Debug|x86.ActiveCfg = Debug|x86
		{8922F6BF-FFC1-4011-82F5-3E9C38948671}.Debug|x86.Build.0 = Debug|x86
		{8922F6BF-FFC1-4011-82F5-3E9C38948671}.Release|Any CPU.ActiveCfg = Release|x86
		{8922F6BF-FFC1-4011-82F5-3E9C38948671}.Release|ARM.ActiveCfg = Release|x86
		{8922F6BF-FFC1-4011-82F5-3E9C38948671}.Release|ARM64.ActiveCfg = Release|x86
		{8922F6BF-FFC1-4011-82F5-3E9C38948671}.Release|x64.ActiveCfg = Release|x86
		{8922F6BF-FFC1-4011-82F5-3E9C38948671}.Release|x86.ActiveCfg = Release|x86
		{8922F6BF-FFC1-4011-82F5-3E9C38948671}.Release|x86.Build.0 = Release|x86
		{E281F2D4-8C07-4525-B88A-77DC39EAC826}.Debug|Any CPU.ActiveCfg = Debug|Any CPU
		{E281F2D4-8C07-4525-B88A-77DC39EAC826}.Debug|Any CPU.Build.0 = Debug|Any CPU
		{E281F2D4-8C07-4525-B88A-77DC39EAC826}.Debug|ARM.ActiveCfg = Debug|Any CPU
		{E281F2D4-8C07-4525-B88A-77DC39EAC826}.Debug|ARM.Build.0 = Debug|Any CPU
		{E281F2D4-8C07-4525-B88A-77DC39EAC826}.Debug|ARM64.ActiveCfg = Debug|Any CPU
		{E281F2D4-8C07-4525-B88A-77DC39EAC826}.Debug|ARM64.Build.0 = Debug|Any CPU
		{E281F2D4-8C07-4525-B88A-77DC39EAC826}.Debug|x64.ActiveCfg = Debug|Any CPU
		{E281F2D4-8C07-4525-B88A-77DC39EAC826}.Debug|x64.Build.0 = Debug|Any CPU
		{E281F2D4-8C07-4525-B88A-77DC39EAC826}.Debug|x86.ActiveCfg = Debug|Any CPU
		{E281F2D4-8C07-4525-B88A-77DC39EAC826}.Debug|x86.Build.0 = Debug|Any CPU
		{E281F2D4-8C07-4525-B88A-77DC39EAC826}.Release|Any CPU.ActiveCfg = Release|Any CPU
		{E281F2D4-8C07-4525-B88A-77DC39EAC826}.Release|Any CPU.Build.0 = Release|Any CPU
		{E281F2D4-8C07-4525-B88A-77DC39EAC826}.Release|ARM.ActiveCfg = Release|Any CPU
		{E281F2D4-8C07-4525-B88A-77DC39EAC826}.Release|ARM.Build.0 = Release|Any CPU
		{E281F2D4-8C07-4525-B88A-77DC39EAC826}.Release|ARM64.ActiveCfg = Release|Any CPU
		{E281F2D4-8C07-4525-B88A-77DC39EAC826}.Release|ARM64.Build.0 = Release|Any CPU
		{E281F2D4-8C07-4525-B88A-77DC39EAC826}.Release|x64.ActiveCfg = Release|Any CPU
		{E281F2D4-8C07-4525-B88A-77DC39EAC826}.Release|x64.Build.0 = Release|Any CPU
		{E281F2D4-8C07-4525-B88A-77DC39EAC826}.Release|x86.ActiveCfg = Release|Any CPU
		{E281F2D4-8C07-4525-B88A-77DC39EAC826}.Release|x86.Build.0 = Release|Any CPU
		{FDAD249D-CD7D-4581-B945-90D2F9DAD698}.Debug|Any CPU.ActiveCfg = Debug|Any CPU
		{FDAD249D-CD7D-4581-B945-90D2F9DAD698}.Debug|Any CPU.Build.0 = Debug|Any CPU
		{FDAD249D-CD7D-4581-B945-90D2F9DAD698}.Debug|ARM.ActiveCfg = Debug|Any CPU
		{FDAD249D-CD7D-4581-B945-90D2F9DAD698}.Debug|ARM.Build.0 = Debug|Any CPU
		{FDAD249D-CD7D-4581-B945-90D2F9DAD698}.Debug|ARM64.ActiveCfg = Debug|Any CPU
		{FDAD249D-CD7D-4581-B945-90D2F9DAD698}.Debug|ARM64.Build.0 = Debug|Any CPU
		{FDAD249D-CD7D-4581-B945-90D2F9DAD698}.Debug|x64.ActiveCfg = Debug|Any CPU
		{FDAD249D-CD7D-4581-B945-90D2F9DAD698}.Debug|x64.Build.0 = Debug|Any CPU
		{FDAD249D-CD7D-4581-B945-90D2F9DAD698}.Debug|x86.ActiveCfg = Debug|Any CPU
		{FDAD249D-CD7D-4581-B945-90D2F9DAD698}.Debug|x86.Build.0 = Debug|Any CPU
		{FDAD249D-CD7D-4581-B945-90D2F9DAD698}.Release|Any CPU.ActiveCfg = Release|Any CPU
		{FDAD249D-CD7D-4581-B945-90D2F9DAD698}.Release|Any CPU.Build.0 = Release|Any CPU
		{FDAD249D-CD7D-4581-B945-90D2F9DAD698}.Release|ARM.ActiveCfg = Release|Any CPU
		{FDAD249D-CD7D-4581-B945-90D2F9DAD698}.Release|ARM.Build.0 = Release|Any CPU
		{FDAD249D-CD7D-4581-B945-90D2F9DAD698}.Release|ARM64.ActiveCfg = Release|Any CPU
		{FDAD249D-CD7D-4581-B945-90D2F9DAD698}.Release|ARM64.Build.0 = Release|Any CPU
		{FDAD249D-CD7D-4581-B945-90D2F9DAD698}.Release|x64.ActiveCfg = Release|Any CPU
		{FDAD249D-CD7D-4581-B945-90D2F9DAD698}.Release|x64.Build.0 = Release|Any CPU
		{FDAD249D-CD7D-4581-B945-90D2F9DAD698}.Release|x86.ActiveCfg = Release|Any CPU
		{FDAD249D-CD7D-4581-B945-90D2F9DAD698}.Release|x86.Build.0 = Release|Any CPU
		{D05DC73E-26B4-4529-BA28-F8FAD3C88D9D}.Debug|Any CPU.ActiveCfg = Debug|Any CPU
		{D05DC73E-26B4-4529-BA28-F8FAD3C88D9D}.Debug|Any CPU.Build.0 = Debug|Any CPU
		{D05DC73E-26B4-4529-BA28-F8FAD3C88D9D}.Debug|ARM.ActiveCfg = Debug|Any CPU
		{D05DC73E-26B4-4529-BA28-F8FAD3C88D9D}.Debug|ARM.Build.0 = Debug|Any CPU
		{D05DC73E-26B4-4529-BA28-F8FAD3C88D9D}.Debug|ARM64.ActiveCfg = Debug|Any CPU
		{D05DC73E-26B4-4529-BA28-F8FAD3C88D9D}.Debug|ARM64.Build.0 = Debug|Any CPU
		{D05DC73E-26B4-4529-BA28-F8FAD3C88D9D}.Debug|x64.ActiveCfg = Debug|Any CPU
		{D05DC73E-26B4-4529-BA28-F8FAD3C88D9D}.Debug|x64.Build.0 = Debug|Any CPU
		{D05DC73E-26B4-4529-BA28-F8FAD3C88D9D}.Debug|x86.ActiveCfg = Debug|Any CPU
		{D05DC73E-26B4-4529-BA28-F8FAD3C88D9D}.Debug|x86.Build.0 = Debug|Any CPU
		{D05DC73E-26B4-4529-BA28-F8FAD3C88D9D}.Release|Any CPU.ActiveCfg = Release|Any CPU
		{D05DC73E-26B4-4529-BA28-F8FAD3C88D9D}.Release|Any CPU.Build.0 = Release|Any CPU
		{D05DC73E-26B4-4529-BA28-F8FAD3C88D9D}.Release|ARM.ActiveCfg = Release|Any CPU
		{D05DC73E-26B4-4529-BA28-F8FAD3C88D9D}.Release|ARM.Build.0 = Release|Any CPU
		{D05DC73E-26B4-4529-BA28-F8FAD3C88D9D}.Release|ARM64.ActiveCfg = Release|Any CPU
		{D05DC73E-26B4-4529-BA28-F8FAD3C88D9D}.Release|ARM64.Build.0 = Release|Any CPU
		{D05DC73E-26B4-4529-BA28-F8FAD3C88D9D}.Release|x64.ActiveCfg = Release|Any CPU
		{D05DC73E-26B4-4529-BA28-F8FAD3C88D9D}.Release|x64.Build.0 = Release|Any CPU
		{D05DC73E-26B4-4529-BA28-F8FAD3C88D9D}.Release|x86.ActiveCfg = Release|Any CPU
		{D05DC73E-26B4-4529-BA28-F8FAD3C88D9D}.Release|x86.Build.0 = Release|Any CPU
		{9BAC233E-ED3D-493E-B7F6-F26F8091968D}.Debug|Any CPU.ActiveCfg = Debug|Any CPU
		{9BAC233E-ED3D-493E-B7F6-F26F8091968D}.Debug|Any CPU.Build.0 = Debug|Any CPU
		{9BAC233E-ED3D-493E-B7F6-F26F8091968D}.Debug|ARM.ActiveCfg = Debug|Any CPU
		{9BAC233E-ED3D-493E-B7F6-F26F8091968D}.Debug|ARM.Build.0 = Debug|Any CPU
		{9BAC233E-ED3D-493E-B7F6-F26F8091968D}.Debug|ARM64.ActiveCfg = Debug|Any CPU
		{9BAC233E-ED3D-493E-B7F6-F26F8091968D}.Debug|ARM64.Build.0 = Debug|Any CPU
		{9BAC233E-ED3D-493E-B7F6-F26F8091968D}.Debug|x64.ActiveCfg = Debug|Any CPU
		{9BAC233E-ED3D-493E-B7F6-F26F8091968D}.Debug|x64.Build.0 = Debug|Any CPU
		{9BAC233E-ED3D-493E-B7F6-F26F8091968D}.Debug|x86.ActiveCfg = Debug|x86
		{9BAC233E-ED3D-493E-B7F6-F26F8091968D}.Debug|x86.Build.0 = Debug|x86
		{9BAC233E-ED3D-493E-B7F6-F26F8091968D}.Release|Any CPU.ActiveCfg = Release|Any CPU
		{9BAC233E-ED3D-493E-B7F6-F26F8091968D}.Release|Any CPU.Build.0 = Release|Any CPU
		{9BAC233E-ED3D-493E-B7F6-F26F8091968D}.Release|ARM.ActiveCfg = Release|Any CPU
		{9BAC233E-ED3D-493E-B7F6-F26F8091968D}.Release|ARM.Build.0 = Release|Any CPU
		{9BAC233E-ED3D-493E-B7F6-F26F8091968D}.Release|ARM64.ActiveCfg = Release|Any CPU
		{9BAC233E-ED3D-493E-B7F6-F26F8091968D}.Release|ARM64.Build.0 = Release|Any CPU
		{9BAC233E-ED3D-493E-B7F6-F26F8091968D}.Release|x64.ActiveCfg = Release|Any CPU
		{9BAC233E-ED3D-493E-B7F6-F26F8091968D}.Release|x64.Build.0 = Release|Any CPU
		{9BAC233E-ED3D-493E-B7F6-F26F8091968D}.Release|x86.ActiveCfg = Release|x86
		{9BAC233E-ED3D-493E-B7F6-F26F8091968D}.Release|x86.Build.0 = Release|x86
		{3560103D-D2A0-494A-8C0B-BFD650FBCBED}.Debug|Any CPU.ActiveCfg = Debug|Any CPU
		{3560103D-D2A0-494A-8C0B-BFD650FBCBED}.Debug|Any CPU.Build.0 = Debug|Any CPU
		{3560103D-D2A0-494A-8C0B-BFD650FBCBED}.Debug|ARM.ActiveCfg = Debug|Any CPU
		{3560103D-D2A0-494A-8C0B-BFD650FBCBED}.Debug|ARM.Build.0 = Debug|Any CPU
		{3560103D-D2A0-494A-8C0B-BFD650FBCBED}.Debug|ARM64.ActiveCfg = Debug|Any CPU
		{3560103D-D2A0-494A-8C0B-BFD650FBCBED}.Debug|ARM64.Build.0 = Debug|Any CPU
		{3560103D-D2A0-494A-8C0B-BFD650FBCBED}.Debug|x64.ActiveCfg = Debug|Any CPU
		{3560103D-D2A0-494A-8C0B-BFD650FBCBED}.Debug|x64.Build.0 = Debug|Any CPU
		{3560103D-D2A0-494A-8C0B-BFD650FBCBED}.Debug|x86.ActiveCfg = Debug|Any CPU
		{3560103D-D2A0-494A-8C0B-BFD650FBCBED}.Debug|x86.Build.0 = Debug|Any CPU
		{3560103D-D2A0-494A-8C0B-BFD650FBCBED}.Release|Any CPU.ActiveCfg = Release|Any CPU
		{3560103D-D2A0-494A-8C0B-BFD650FBCBED}.Release|Any CPU.Build.0 = Release|Any CPU
		{3560103D-D2A0-494A-8C0B-BFD650FBCBED}.Release|ARM.ActiveCfg = Release|Any CPU
		{3560103D-D2A0-494A-8C0B-BFD650FBCBED}.Release|ARM.Build.0 = Release|Any CPU
		{3560103D-D2A0-494A-8C0B-BFD650FBCBED}.Release|ARM64.ActiveCfg = Release|Any CPU
		{3560103D-D2A0-494A-8C0B-BFD650FBCBED}.Release|ARM64.Build.0 = Release|Any CPU
		{3560103D-D2A0-494A-8C0B-BFD650FBCBED}.Release|x64.ActiveCfg = Release|Any CPU
		{3560103D-D2A0-494A-8C0B-BFD650FBCBED}.Release|x64.Build.0 = Release|Any CPU
		{3560103D-D2A0-494A-8C0B-BFD650FBCBED}.Release|x86.ActiveCfg = Release|Any CPU
		{3560103D-D2A0-494A-8C0B-BFD650FBCBED}.Release|x86.Build.0 = Release|Any CPU
		{AD8ED6D6-CDCB-4C7C-9698-90BA681D50CF}.Debug|Any CPU.ActiveCfg = Debug|x86
		{AD8ED6D6-CDCB-4C7C-9698-90BA681D50CF}.Debug|ARM.ActiveCfg = Debug|x86
		{AD8ED6D6-CDCB-4C7C-9698-90BA681D50CF}.Debug|ARM64.ActiveCfg = Debug|x86
		{AD8ED6D6-CDCB-4C7C-9698-90BA681D50CF}.Debug|x64.ActiveCfg = Debug|x86
		{AD8ED6D6-CDCB-4C7C-9698-90BA681D50CF}.Debug|x86.ActiveCfg = Debug|x86
		{AD8ED6D6-CDCB-4C7C-9698-90BA681D50CF}.Debug|x86.Build.0 = Debug|x86
		{AD8ED6D6-CDCB-4C7C-9698-90BA681D50CF}.Release|Any CPU.ActiveCfg = Release|x86
		{AD8ED6D6-CDCB-4C7C-9698-90BA681D50CF}.Release|ARM.ActiveCfg = Release|x86
		{AD8ED6D6-CDCB-4C7C-9698-90BA681D50CF}.Release|ARM64.ActiveCfg = Release|x86
		{AD8ED6D6-CDCB-4C7C-9698-90BA681D50CF}.Release|x64.ActiveCfg = Release|x86
		{AD8ED6D6-CDCB-4C7C-9698-90BA681D50CF}.Release|x86.ActiveCfg = Release|x86
		{AD8ED6D6-CDCB-4C7C-9698-90BA681D50CF}.Release|x86.Build.0 = Release|x86
		{939B256E-591B-40CC-8097-5D34456404CD}.Debug|Any CPU.ActiveCfg = Debug|Any CPU
		{939B256E-591B-40CC-8097-5D34456404CD}.Debug|Any CPU.Build.0 = Debug|Any CPU
		{939B256E-591B-40CC-8097-5D34456404CD}.Debug|ARM.ActiveCfg = Debug|Any CPU
		{939B256E-591B-40CC-8097-5D34456404CD}.Debug|ARM.Build.0 = Debug|Any CPU
		{939B256E-591B-40CC-8097-5D34456404CD}.Debug|ARM64.ActiveCfg = Debug|Any CPU
		{939B256E-591B-40CC-8097-5D34456404CD}.Debug|ARM64.Build.0 = Debug|Any CPU
		{939B256E-591B-40CC-8097-5D34456404CD}.Debug|x64.ActiveCfg = Debug|Any CPU
		{939B256E-591B-40CC-8097-5D34456404CD}.Debug|x64.Build.0 = Debug|Any CPU
		{939B256E-591B-40CC-8097-5D34456404CD}.Debug|x86.ActiveCfg = Debug|Any CPU
		{939B256E-591B-40CC-8097-5D34456404CD}.Debug|x86.Build.0 = Debug|Any CPU
		{939B256E-591B-40CC-8097-5D34456404CD}.Release|Any CPU.ActiveCfg = Release|Any CPU
		{939B256E-591B-40CC-8097-5D34456404CD}.Release|Any CPU.Build.0 = Release|Any CPU
		{939B256E-591B-40CC-8097-5D34456404CD}.Release|ARM.ActiveCfg = Release|Any CPU
		{939B256E-591B-40CC-8097-5D34456404CD}.Release|ARM.Build.0 = Release|Any CPU
		{939B256E-591B-40CC-8097-5D34456404CD}.Release|ARM64.ActiveCfg = Release|Any CPU
		{939B256E-591B-40CC-8097-5D34456404CD}.Release|ARM64.Build.0 = Release|Any CPU
		{939B256E-591B-40CC-8097-5D34456404CD}.Release|x64.ActiveCfg = Release|Any CPU
		{939B256E-591B-40CC-8097-5D34456404CD}.Release|x64.Build.0 = Release|Any CPU
		{939B256E-591B-40CC-8097-5D34456404CD}.Release|x86.ActiveCfg = Release|Any CPU
		{939B256E-591B-40CC-8097-5D34456404CD}.Release|x86.Build.0 = Release|Any CPU
		{578CF45E-310B-4E2E-9C94-5A9F16B736AE}.Debug|Any CPU.ActiveCfg = Debug|Any CPU
		{578CF45E-310B-4E2E-9C94-5A9F16B736AE}.Debug|Any CPU.Build.0 = Debug|Any CPU
		{578CF45E-310B-4E2E-9C94-5A9F16B736AE}.Debug|ARM.ActiveCfg = Debug|Any CPU
		{578CF45E-310B-4E2E-9C94-5A9F16B736AE}.Debug|ARM.Build.0 = Debug|Any CPU
		{578CF45E-310B-4E2E-9C94-5A9F16B736AE}.Debug|ARM64.ActiveCfg = Debug|Any CPU
		{578CF45E-310B-4E2E-9C94-5A9F16B736AE}.Debug|ARM64.Build.0 = Debug|Any CPU
		{578CF45E-310B-4E2E-9C94-5A9F16B736AE}.Debug|x64.ActiveCfg = Debug|Any CPU
		{578CF45E-310B-4E2E-9C94-5A9F16B736AE}.Debug|x64.Build.0 = Debug|Any CPU
		{578CF45E-310B-4E2E-9C94-5A9F16B736AE}.Debug|x86.ActiveCfg = Debug|x86
		{578CF45E-310B-4E2E-9C94-5A9F16B736AE}.Debug|x86.Build.0 = Debug|x86
		{578CF45E-310B-4E2E-9C94-5A9F16B736AE}.Release|Any CPU.ActiveCfg = Release|Any CPU
		{578CF45E-310B-4E2E-9C94-5A9F16B736AE}.Release|Any CPU.Build.0 = Release|Any CPU
		{578CF45E-310B-4E2E-9C94-5A9F16B736AE}.Release|ARM.ActiveCfg = Release|Any CPU
		{578CF45E-310B-4E2E-9C94-5A9F16B736AE}.Release|ARM.Build.0 = Release|Any CPU
		{578CF45E-310B-4E2E-9C94-5A9F16B736AE}.Release|ARM64.ActiveCfg = Release|Any CPU
		{578CF45E-310B-4E2E-9C94-5A9F16B736AE}.Release|ARM64.Build.0 = Release|Any CPU
		{578CF45E-310B-4E2E-9C94-5A9F16B736AE}.Release|x64.ActiveCfg = Release|Any CPU
		{578CF45E-310B-4E2E-9C94-5A9F16B736AE}.Release|x64.Build.0 = Release|Any CPU
		{578CF45E-310B-4E2E-9C94-5A9F16B736AE}.Release|x86.ActiveCfg = Release|x86
		{578CF45E-310B-4E2E-9C94-5A9F16B736AE}.Release|x86.Build.0 = Release|x86
		{381752F0-F34D-4D3E-96AD-92B7BA6CF213}.Debug|Any CPU.ActiveCfg = Debug|Any CPU
		{381752F0-F34D-4D3E-96AD-92B7BA6CF213}.Debug|Any CPU.Build.0 = Debug|Any CPU
		{381752F0-F34D-4D3E-96AD-92B7BA6CF213}.Debug|ARM.ActiveCfg = Debug|Any CPU
		{381752F0-F34D-4D3E-96AD-92B7BA6CF213}.Debug|ARM.Build.0 = Debug|Any CPU
		{381752F0-F34D-4D3E-96AD-92B7BA6CF213}.Debug|ARM64.ActiveCfg = Debug|Any CPU
		{381752F0-F34D-4D3E-96AD-92B7BA6CF213}.Debug|ARM64.Build.0 = Debug|Any CPU
		{381752F0-F34D-4D3E-96AD-92B7BA6CF213}.Debug|x64.ActiveCfg = Debug|Any CPU
		{381752F0-F34D-4D3E-96AD-92B7BA6CF213}.Debug|x64.Build.0 = Debug|Any CPU
		{381752F0-F34D-4D3E-96AD-92B7BA6CF213}.Debug|x86.ActiveCfg = Debug|Any CPU
		{381752F0-F34D-4D3E-96AD-92B7BA6CF213}.Debug|x86.Build.0 = Debug|Any CPU
		{381752F0-F34D-4D3E-96AD-92B7BA6CF213}.Release|Any CPU.ActiveCfg = Release|Any CPU
		{381752F0-F34D-4D3E-96AD-92B7BA6CF213}.Release|Any CPU.Build.0 = Release|Any CPU
		{381752F0-F34D-4D3E-96AD-92B7BA6CF213}.Release|ARM.ActiveCfg = Release|Any CPU
		{381752F0-F34D-4D3E-96AD-92B7BA6CF213}.Release|ARM.Build.0 = Release|Any CPU
		{381752F0-F34D-4D3E-96AD-92B7BA6CF213}.Release|ARM64.ActiveCfg = Release|Any CPU
		{381752F0-F34D-4D3E-96AD-92B7BA6CF213}.Release|ARM64.Build.0 = Release|Any CPU
		{381752F0-F34D-4D3E-96AD-92B7BA6CF213}.Release|x64.ActiveCfg = Release|Any CPU
		{381752F0-F34D-4D3E-96AD-92B7BA6CF213}.Release|x64.Build.0 = Release|Any CPU
		{381752F0-F34D-4D3E-96AD-92B7BA6CF213}.Release|x86.ActiveCfg = Release|Any CPU
		{381752F0-F34D-4D3E-96AD-92B7BA6CF213}.Release|x86.Build.0 = Release|Any CPU
		{AE019CEF-782D-41B7-942F-420F3C1B434A}.Debug|Any CPU.ActiveCfg = Debug|Any CPU
		{AE019CEF-782D-41B7-942F-420F3C1B434A}.Debug|Any CPU.Build.0 = Debug|Any CPU
		{AE019CEF-782D-41B7-942F-420F3C1B434A}.Debug|ARM.ActiveCfg = Debug|Any CPU
		{AE019CEF-782D-41B7-942F-420F3C1B434A}.Debug|ARM.Build.0 = Debug|Any CPU
		{AE019CEF-782D-41B7-942F-420F3C1B434A}.Debug|ARM64.ActiveCfg = Debug|Any CPU
		{AE019CEF-782D-41B7-942F-420F3C1B434A}.Debug|ARM64.Build.0 = Debug|Any CPU
		{AE019CEF-782D-41B7-942F-420F3C1B434A}.Debug|x64.ActiveCfg = Debug|Any CPU
		{AE019CEF-782D-41B7-942F-420F3C1B434A}.Debug|x64.Build.0 = Debug|Any CPU
		{AE019CEF-782D-41B7-942F-420F3C1B434A}.Debug|x86.ActiveCfg = Debug|Any CPU
		{AE019CEF-782D-41B7-942F-420F3C1B434A}.Debug|x86.Build.0 = Debug|Any CPU
		{AE019CEF-782D-41B7-942F-420F3C1B434A}.Release|Any CPU.ActiveCfg = Release|Any CPU
		{AE019CEF-782D-41B7-942F-420F3C1B434A}.Release|Any CPU.Build.0 = Release|Any CPU
		{AE019CEF-782D-41B7-942F-420F3C1B434A}.Release|ARM.ActiveCfg = Release|Any CPU
		{AE019CEF-782D-41B7-942F-420F3C1B434A}.Release|ARM.Build.0 = Release|Any CPU
		{AE019CEF-782D-41B7-942F-420F3C1B434A}.Release|ARM64.ActiveCfg = Release|Any CPU
		{AE019CEF-782D-41B7-942F-420F3C1B434A}.Release|ARM64.Build.0 = Release|Any CPU
		{AE019CEF-782D-41B7-942F-420F3C1B434A}.Release|x64.ActiveCfg = Release|Any CPU
		{AE019CEF-782D-41B7-942F-420F3C1B434A}.Release|x64.Build.0 = Release|Any CPU
		{AE019CEF-782D-41B7-942F-420F3C1B434A}.Release|x86.ActiveCfg = Release|Any CPU
		{AE019CEF-782D-41B7-942F-420F3C1B434A}.Release|x86.Build.0 = Release|Any CPU
		{94B9F0FF-3300-428F-B95F-BD58DC71EE9A}.Debug|Any CPU.ActiveCfg = Debug|Any CPU
		{94B9F0FF-3300-428F-B95F-BD58DC71EE9A}.Debug|Any CPU.Build.0 = Debug|Any CPU
		{94B9F0FF-3300-428F-B95F-BD58DC71EE9A}.Debug|ARM.ActiveCfg = Debug|Any CPU
		{94B9F0FF-3300-428F-B95F-BD58DC71EE9A}.Debug|ARM.Build.0 = Debug|Any CPU
		{94B9F0FF-3300-428F-B95F-BD58DC71EE9A}.Debug|ARM64.ActiveCfg = Debug|Any CPU
		{94B9F0FF-3300-428F-B95F-BD58DC71EE9A}.Debug|ARM64.Build.0 = Debug|Any CPU
		{94B9F0FF-3300-428F-B95F-BD58DC71EE9A}.Debug|x64.ActiveCfg = Debug|Any CPU
		{94B9F0FF-3300-428F-B95F-BD58DC71EE9A}.Debug|x64.Build.0 = Debug|Any CPU
		{94B9F0FF-3300-428F-B95F-BD58DC71EE9A}.Debug|x86.ActiveCfg = Debug|Any CPU
		{94B9F0FF-3300-428F-B95F-BD58DC71EE9A}.Debug|x86.Build.0 = Debug|Any CPU
		{94B9F0FF-3300-428F-B95F-BD58DC71EE9A}.Release|Any CPU.ActiveCfg = Release|Any CPU
		{94B9F0FF-3300-428F-B95F-BD58DC71EE9A}.Release|Any CPU.Build.0 = Release|Any CPU
		{94B9F0FF-3300-428F-B95F-BD58DC71EE9A}.Release|ARM.ActiveCfg = Release|Any CPU
		{94B9F0FF-3300-428F-B95F-BD58DC71EE9A}.Release|ARM.Build.0 = Release|Any CPU
		{94B9F0FF-3300-428F-B95F-BD58DC71EE9A}.Release|ARM64.ActiveCfg = Release|Any CPU
		{94B9F0FF-3300-428F-B95F-BD58DC71EE9A}.Release|ARM64.Build.0 = Release|Any CPU
		{94B9F0FF-3300-428F-B95F-BD58DC71EE9A}.Release|x64.ActiveCfg = Release|Any CPU
		{94B9F0FF-3300-428F-B95F-BD58DC71EE9A}.Release|x64.Build.0 = Release|Any CPU
		{94B9F0FF-3300-428F-B95F-BD58DC71EE9A}.Release|x86.ActiveCfg = Release|Any CPU
		{94B9F0FF-3300-428F-B95F-BD58DC71EE9A}.Release|x86.Build.0 = Release|Any CPU
		{91FAD00A-D052-4DD6-A9BB-544782A0D2C4}.Debug|Any CPU.ActiveCfg = Debug|Any CPU
		{91FAD00A-D052-4DD6-A9BB-544782A0D2C4}.Debug|Any CPU.Build.0 = Debug|Any CPU
		{91FAD00A-D052-4DD6-A9BB-544782A0D2C4}.Debug|ARM.ActiveCfg = Debug|Any CPU
		{91FAD00A-D052-4DD6-A9BB-544782A0D2C4}.Debug|ARM.Build.0 = Debug|Any CPU
		{91FAD00A-D052-4DD6-A9BB-544782A0D2C4}.Debug|ARM64.ActiveCfg = Debug|Any CPU
		{91FAD00A-D052-4DD6-A9BB-544782A0D2C4}.Debug|ARM64.Build.0 = Debug|Any CPU
		{91FAD00A-D052-4DD6-A9BB-544782A0D2C4}.Debug|x64.ActiveCfg = Debug|Any CPU
		{91FAD00A-D052-4DD6-A9BB-544782A0D2C4}.Debug|x64.Build.0 = Debug|Any CPU
		{91FAD00A-D052-4DD6-A9BB-544782A0D2C4}.Debug|x86.ActiveCfg = Debug|Any CPU
		{91FAD00A-D052-4DD6-A9BB-544782A0D2C4}.Debug|x86.Build.0 = Debug|Any CPU
		{91FAD00A-D052-4DD6-A9BB-544782A0D2C4}.Release|Any CPU.ActiveCfg = Release|Any CPU
		{91FAD00A-D052-4DD6-A9BB-544782A0D2C4}.Release|Any CPU.Build.0 = Release|Any CPU
		{91FAD00A-D052-4DD6-A9BB-544782A0D2C4}.Release|ARM.ActiveCfg = Release|Any CPU
		{91FAD00A-D052-4DD6-A9BB-544782A0D2C4}.Release|ARM.Build.0 = Release|Any CPU
		{91FAD00A-D052-4DD6-A9BB-544782A0D2C4}.Release|ARM64.ActiveCfg = Release|Any CPU
		{91FAD00A-D052-4DD6-A9BB-544782A0D2C4}.Release|ARM64.Build.0 = Release|Any CPU
		{91FAD00A-D052-4DD6-A9BB-544782A0D2C4}.Release|x64.ActiveCfg = Release|Any CPU
		{91FAD00A-D052-4DD6-A9BB-544782A0D2C4}.Release|x64.Build.0 = Release|Any CPU
		{91FAD00A-D052-4DD6-A9BB-544782A0D2C4}.Release|x86.ActiveCfg = Release|Any CPU
		{91FAD00A-D052-4DD6-A9BB-544782A0D2C4}.Release|x86.Build.0 = Release|Any CPU
	EndGlobalSection
	GlobalSection(SolutionProperties) = preSolution
		HideSolutionNode = FALSE
	EndGlobalSection
	GlobalSection(ExtensibilityGlobals) = postSolution
		SolutionGuid = {5F317AAC-FA0F-4303-A254-EBF5DCC2277B}
	EndGlobalSection
EndGlobal
